// !$*UTF8*$!
{
	archiveVersion = 1;
	classes = {
	};
	objectVersion = 46;
	objects = {

/* Begin PBXBuildFile section */
		3207D02018E424C00025B64F /* MessageUI.framework in Frameworks */ = {isa = PBXBuildFile; fileRef = 3207D01F18E424C00025B64F /* MessageUI.framework */; };
		322427091987621F00971E4E /* CoreFoundation.framework in Frameworks */ = {isa = PBXBuildFile; fileRef = 322427081987621F00971E4E /* CoreFoundation.framework */; };
		322C82A315DE21B200093AF9 /* UIKit.framework in Frameworks */ = {isa = PBXBuildFile; fileRef = 322C82A215DE21B200093AF9 /* UIKit.framework */; };
		322C82A515DE21B200093AF9 /* Foundation.framework in Frameworks */ = {isa = PBXBuildFile; fileRef = 322C82A415DE21B200093AF9 /* Foundation.framework */; };
		322C82A715DE21B200093AF9 /* CoreGraphics.framework in Frameworks */ = {isa = PBXBuildFile; fileRef = 322C82A615DE21B200093AF9 /* CoreGraphics.framework */; };
		322C82AD15DE21B200093AF9 /* InfoPlist.strings in Resources */ = {isa = PBXBuildFile; fileRef = 322C82AB15DE21B200093AF9 /* InfoPlist.strings */; };
		322C82AF15DE21B200093AF9 /* main.m in Sources */ = {isa = PBXBuildFile; fileRef = 322C82AE15DE21B200093AF9 /* main.m */; };
		322C82B915DE21B200093AF9 /* ViewController.xib in Resources */ = {isa = PBXBuildFile; fileRef = 322C82B715DE21B200093AF9 /* ViewController.xib */; };
		322C82C415DE226A00093AF9 /* AppDelegate.m in Sources */ = {isa = PBXBuildFile; fileRef = 322C82C115DE226A00093AF9 /* AppDelegate.m */; };
		322C82C515DE226A00093AF9 /* ViewController.m in Sources */ = {isa = PBXBuildFile; fileRef = 322C82C315DE226A00093AF9 /* ViewController.m */; };
		3230CB32182B2F020096359C /* libstdc++.dylib in Frameworks */ = {isa = PBXBuildFile; fileRef = 3230CB31182B2F020096359C /* libstdc++.dylib */; };
		3230CB38182B2F4F0096359C /* libsqlite3.dylib in Frameworks */ = {isa = PBXBuildFile; fileRef = 3230CB37182B2F4F0096359C /* libsqlite3.dylib */; };
		3230CB3A182B2F7B0096359C /* libiconv.dylib in Frameworks */ = {isa = PBXBuildFile; fileRef = 3230CB39182B2F7B0096359C /* libiconv.dylib */; };
		3230CB3C182B2F850096359C /* Security.framework in Frameworks */ = {isa = PBXBuildFile; fileRef = 3230CB3B182B2F850096359C /* Security.framework */; };
		3230CB3D182B2FB10096359C /* QuartzCore.framework in Frameworks */ = {isa = PBXBuildFile; fileRef = 32D7A12F16240AD900AA5940 /* QuartzCore.framework */; };
		3230CB3E182B2FB10096359C /* MobileCoreServices.framework in Frameworks */ = {isa = PBXBuildFile; fileRef = 32D7A12D16240A5700AA5940 /* MobileCoreServices.framework */; };
		3230CB3F182B2FB10096359C /* SystemConfiguration.framework in Frameworks */ = {isa = PBXBuildFile; fileRef = 32D7A12B16240A4300AA5940 /* SystemConfiguration.framework */; };
		3230CB42182B2FD60096359C /* CoreTelephony.framework in Frameworks */ = {isa = PBXBuildFile; fileRef = 3230CB41182B2FD60096359C /* CoreTelephony.framework */; };
		323BA7471A665CC50032B3ED /* ImageIO.framework in Frameworks */ = {isa = PBXBuildFile; fileRef = 323BA7461A665CC50032B3ED /* ImageIO.framework */; };
		32D1F2AB172A2D5800A877F8 /* Default-568h@2x.png in Resources */ = {isa = PBXBuildFile; fileRef = 32D1F2AA172A2D5800A877F8 /* Default-568h@2x.png */; };
		32D7A13616240BDF00AA5940 /* libz.dylib in Frameworks */ = {isa = PBXBuildFile; fileRef = 32D7A13516240BDF00AA5940 /* libz.dylib */; };
		32D7A1411624282300AA5940 /* blackArrow@2x.png in Resources */ = {isa = PBXBuildFile; fileRef = 32D7A1401624282300AA5940 /* blackArrow@2x.png */; };
		5156EFD31BAC10D6003671D3 /* libWeiboSDK.a in Frameworks */ = {isa = PBXBuildFile; fileRef = 5156EFC71BAC10D6003671D3 /* libWeiboSDK.a */; };
		5156EFD41BAC10D6003671D3 /* WeiboSDK.bundle in Resources */ = {isa = PBXBuildFile; fileRef = 5156EFD01BAC10D6003671D3 /* WeiboSDK.bundle */; };
		5196150F1B94055F00693D46 /* CWShare.m in Sources */ = {isa = PBXBuildFile; fileRef = 519614CF1B94055F00693D46 /* CWShare.m */; };
		519615101B94055F00693D46 /* CWShareQQ.m in Sources */ = {isa = PBXBuildFile; fileRef = 519614D31B94055F00693D46 /* CWShareQQ.m */; };
		519615111B94055F00693D46 /* CWShareSina.m in Sources */ = {isa = PBXBuildFile; fileRef = 519614D61B94055F00693D46 /* CWShareSina.m */; };
		519615121B94055F00693D46 /* CWShareStorage.m in Sources */ = {isa = PBXBuildFile; fileRef = 519614D91B94055F00693D46 /* CWShareStorage.m */; };
		519615131B94055F00693D46 /* CWShareTools.m in Sources */ = {isa = PBXBuildFile; fileRef = 519614DB1B94055F00693D46 /* CWShareTools.m */; };
		519615141B94055F00693D46 /* CWShareWeChat.m in Sources */ = {isa = PBXBuildFile; fileRef = 519614DD1B94055F00693D46 /* CWShareWeChat.m */; };
		5196151E1B94055F00693D46 /* TencentOpenAPI.framework in Frameworks */ = {isa = PBXBuildFile; fileRef = 519614F41B94055F00693D46 /* TencentOpenAPI.framework */; };
		5196151F1B94055F00693D46 /* TencentOpenApi_IOS_Bundle.bundle in Resources */ = {isa = PBXBuildFile; fileRef = 519614F51B94055F00693D46 /* TencentOpenApi_IOS_Bundle.bundle */; };
		519615201B94055F00693D46 /* libWeChatSDK.a in Frameworks */ = {isa = PBXBuildFile; fileRef = 519614F71B94055F00693D46 /* libWeChatSDK.a */; };
		519615471B940BC700693D46 /* CoreText.framework in Frameworks */ = {isa = PBXBuildFile; fileRef = 519615461B940BC700693D46 /* CoreText.framework */; };
		6B26B44B1DD1712800B52BF4 /* AFHTTPSessionManager.m in Sources */ = {isa = PBXBuildFile; fileRef = 6B26B43F1DD1712800B52BF4 /* AFHTTPSessionManager.m */; };
		6B26B44C1DD1712800B52BF4 /* AFNetworkReachabilityManager.m in Sources */ = {isa = PBXBuildFile; fileRef = 6B26B4421DD1712800B52BF4 /* AFNetworkReachabilityManager.m */; };
		6B26B44D1DD1712800B52BF4 /* AFSecurityPolicy.m in Sources */ = {isa = PBXBuildFile; fileRef = 6B26B4441DD1712800B52BF4 /* AFSecurityPolicy.m */; };
		6B26B44E1DD1712800B52BF4 /* AFURLRequestSerialization.m in Sources */ = {isa = PBXBuildFile; fileRef = 6B26B4461DD1712800B52BF4 /* AFURLRequestSerialization.m */; };
		6B26B44F1DD1712800B52BF4 /* AFURLResponseSerialization.m in Sources */ = {isa = PBXBuildFile; fileRef = 6B26B4481DD1712800B52BF4 /* AFURLResponseSerialization.m */; };
		6B26B4501DD1712800B52BF4 /* AFURLSessionManager.m in Sources */ = {isa = PBXBuildFile; fileRef = 6B26B44A1DD1712800B52BF4 /* AFURLSessionManager.m */; };
		6B26B4531DD174BF00B52BF4 /* CWShareView.m in Sources */ = {isa = PBXBuildFile; fileRef = 6B26B4521DD174BF00B52BF4 /* CWShareView.m */; };
		6B26B4551DD1788A00B52BF4 /* CWShare.xcassets in Resources */ = {isa = PBXBuildFile; fileRef = 6B26B4541DD1788A00B52BF4 /* CWShare.xcassets */; };
		6B26B45C1DD17F6F00B52BF4 /* screenshot1.jpeg in Resources */ = {isa = PBXBuildFile; fileRef = 6B26B45A1DD17F6F00B52BF4 /* screenshot1.jpeg */; };
		6B26B45D1DD17F6F00B52BF4 /* screenshot2.jpeg in Resources */ = {isa = PBXBuildFile; fileRef = 6B26B45B1DD17F6F00B52BF4 /* screenshot2.jpeg */; };
/* End PBXBuildFile section */

/* Begin PBXFileReference section */
		3207D01F18E424C00025B64F /* MessageUI.framework */ = {isa = PBXFileReference; lastKnownFileType = wrapper.framework; name = MessageUI.framework; path = System/Library/Frameworks/MessageUI.framework; sourceTree = SDKROOT; };
		322427081987621F00971E4E /* CoreFoundation.framework */ = {isa = PBXFileReference; lastKnownFileType = wrapper.framework; name = CoreFoundation.framework; path = System/Library/Frameworks/CoreFoundation.framework; sourceTree = SDKROOT; };
		322C829E15DE21B200093AF9 /* CWShareDemo.app */ = {isa = PBXFileReference; explicitFileType = wrapper.application; includeInIndex = 0; path = CWShareDemo.app; sourceTree = BUILT_PRODUCTS_DIR; };
		322C82A215DE21B200093AF9 /* UIKit.framework */ = {isa = PBXFileReference; lastKnownFileType = wrapper.framework; name = UIKit.framework; path = System/Library/Frameworks/UIKit.framework; sourceTree = SDKROOT; };
		322C82A415DE21B200093AF9 /* Foundation.framework */ = {isa = PBXFileReference; lastKnownFileType = wrapper.framework; name = Foundation.framework; path = System/Library/Frameworks/Foundation.framework; sourceTree = SDKROOT; };
		322C82A615DE21B200093AF9 /* CoreGraphics.framework */ = {isa = PBXFileReference; lastKnownFileType = wrapper.framework; name = CoreGraphics.framework; path = System/Library/Frameworks/CoreGraphics.framework; sourceTree = SDKROOT; };
		322C82AA15DE21B200093AF9 /* CWShareDemo-Info.plist */ = {isa = PBXFileReference; lastKnownFileType = text.plist.xml; path = "CWShareDemo-Info.plist"; sourceTree = "<group>"; };
		322C82AC15DE21B200093AF9 /* en */ = {isa = PBXFileReference; lastKnownFileType = text.plist.strings; name = en; path = en.lproj/InfoPlist.strings; sourceTree = "<group>"; };
		322C82AE15DE21B200093AF9 /* main.m */ = {isa = PBXFileReference; lastKnownFileType = sourcecode.c.objc; path = main.m; sourceTree = "<group>"; };
		322C82B015DE21B200093AF9 /* CWShareDemo-Prefix.pch */ = {isa = PBXFileReference; lastKnownFileType = sourcecode.c.h; path = "CWShareDemo-Prefix.pch"; sourceTree = "<group>"; };
		322C82B815DE21B200093AF9 /* en */ = {isa = PBXFileReference; lastKnownFileType = file.xib; name = en; path = en.lproj/ViewController.xib; sourceTree = "<group>"; };
		322C82C015DE226A00093AF9 /* AppDelegate.h */ = {isa = PBXFileReference; fileEncoding = 4; lastKnownFileType = sourcecode.c.h; path = AppDelegate.h; sourceTree = "<group>"; };
		322C82C115DE226A00093AF9 /* AppDelegate.m */ = {isa = PBXFileReference; fileEncoding = 4; lastKnownFileType = sourcecode.c.objc; path = AppDelegate.m; sourceTree = "<group>"; };
		322C82C215DE226A00093AF9 /* ViewController.h */ = {isa = PBXFileReference; fileEncoding = 4; lastKnownFileType = sourcecode.c.h; path = ViewController.h; sourceTree = "<group>"; };
		322C82C315DE226A00093AF9 /* ViewController.m */ = {isa = PBXFileReference; fileEncoding = 4; lastKnownFileType = sourcecode.c.objc; path = ViewController.m; sourceTree = "<group>"; };
		3230CB31182B2F020096359C /* libstdc++.dylib */ = {isa = PBXFileReference; lastKnownFileType = "compiled.mach-o.dylib"; name = "libstdc++.dylib"; path = "usr/lib/libstdc++.dylib"; sourceTree = SDKROOT; };
		3230CB37182B2F4F0096359C /* libsqlite3.dylib */ = {isa = PBXFileReference; lastKnownFileType = "compiled.mach-o.dylib"; name = libsqlite3.dylib; path = usr/lib/libsqlite3.dylib; sourceTree = SDKROOT; };
		3230CB39182B2F7B0096359C /* libiconv.dylib */ = {isa = PBXFileReference; lastKnownFileType = "compiled.mach-o.dylib"; name = libiconv.dylib; path = usr/lib/libiconv.dylib; sourceTree = SDKROOT; };
		3230CB3B182B2F850096359C /* Security.framework */ = {isa = PBXFileReference; lastKnownFileType = wrapper.framework; name = Security.framework; path = System/Library/Frameworks/Security.framework; sourceTree = SDKROOT; };
		3230CB41182B2FD60096359C /* CoreTelephony.framework */ = {isa = PBXFileReference; lastKnownFileType = wrapper.framework; name = CoreTelephony.framework; path = System/Library/Frameworks/CoreTelephony.framework; sourceTree = SDKROOT; };
		323BA7461A665CC50032B3ED /* ImageIO.framework */ = {isa = PBXFileReference; lastKnownFileType = wrapper.framework; name = ImageIO.framework; path = System/Library/Frameworks/ImageIO.framework; sourceTree = SDKROOT; };
		32D1F2AA172A2D5800A877F8 /* Default-568h@2x.png */ = {isa = PBXFileReference; lastKnownFileType = image.png; path = "Default-568h@2x.png"; sourceTree = "<group>"; };
		32D7A12916240A3D00AA5940 /* CFNetwork.framework */ = {isa = PBXFileReference; lastKnownFileType = wrapper.framework; name = CFNetwork.framework; path = System/Library/Frameworks/CFNetwork.framework; sourceTree = SDKROOT; };
		32D7A12B16240A4300AA5940 /* SystemConfiguration.framework */ = {isa = PBXFileReference; lastKnownFileType = wrapper.framework; name = SystemConfiguration.framework; path = System/Library/Frameworks/SystemConfiguration.framework; sourceTree = SDKROOT; };
		32D7A12D16240A5700AA5940 /* MobileCoreServices.framework */ = {isa = PBXFileReference; lastKnownFileType = wrapper.framework; name = MobileCoreServices.framework; path = System/Library/Frameworks/MobileCoreServices.framework; sourceTree = SDKROOT; };
		32D7A12F16240AD900AA5940 /* QuartzCore.framework */ = {isa = PBXFileReference; lastKnownFileType = wrapper.framework; name = QuartzCore.framework; path = System/Library/Frameworks/QuartzCore.framework; sourceTree = SDKROOT; };
		32D7A13516240BDF00AA5940 /* libz.dylib */ = {isa = PBXFileReference; lastKnownFileType = "compiled.mach-o.dylib"; name = libz.dylib; path = usr/lib/libz.dylib; sourceTree = SDKROOT; };
		32D7A1401624282300AA5940 /* blackArrow@2x.png */ = {isa = PBXFileReference; lastKnownFileType = image.png; path = "blackArrow@2x.png"; sourceTree = "<group>"; };
		5156EFC71BAC10D6003671D3 /* libWeiboSDK.a */ = {isa = PBXFileReference; lastKnownFileType = archive.ar; path = libWeiboSDK.a; sourceTree = "<group>"; };
		5156EFC81BAC10D6003671D3 /* WBHttpRequest+WeiboGame.h */ = {isa = PBXFileReference; fileEncoding = 4; lastKnownFileType = sourcecode.c.h; path = "WBHttpRequest+WeiboGame.h"; sourceTree = "<group>"; };
		5156EFC91BAC10D6003671D3 /* WBHttpRequest+WeiboShare.h */ = {isa = PBXFileReference; fileEncoding = 4; lastKnownFileType = sourcecode.c.h; path = "WBHttpRequest+WeiboShare.h"; sourceTree = "<group>"; };
		5156EFCA1BAC10D6003671D3 /* WBHttpRequest+WeiboToken.h */ = {isa = PBXFileReference; fileEncoding = 4; lastKnownFileType = sourcecode.c.h; path = "WBHttpRequest+WeiboToken.h"; sourceTree = "<group>"; };
		5156EFCB1BAC10D6003671D3 /* WBHttpRequest+WeiboUser.h */ = {isa = PBXFileReference; fileEncoding = 4; lastKnownFileType = sourcecode.c.h; path = "WBHttpRequest+WeiboUser.h"; sourceTree = "<group>"; };
		5156EFCC1BAC10D6003671D3 /* WBHttpRequest.h */ = {isa = PBXFileReference; fileEncoding = 4; lastKnownFileType = sourcecode.c.h; path = WBHttpRequest.h; sourceTree = "<group>"; };
		5156EFCD1BAC10D6003671D3 /* WBSDKBasicButton.h */ = {isa = PBXFileReference; fileEncoding = 4; lastKnownFileType = sourcecode.c.h; path = WBSDKBasicButton.h; sourceTree = "<group>"; };
		5156EFCE1BAC10D6003671D3 /* WBSDKCommentButton.h */ = {isa = PBXFileReference; fileEncoding = 4; lastKnownFileType = sourcecode.c.h; path = WBSDKCommentButton.h; sourceTree = "<group>"; };
		5156EFCF1BAC10D6003671D3 /* WBSDKRelationshipButton.h */ = {isa = PBXFileReference; fileEncoding = 4; lastKnownFileType = sourcecode.c.h; path = WBSDKRelationshipButton.h; sourceTree = "<group>"; };
		5156EFD01BAC10D6003671D3 /* WeiboSDK.bundle */ = {isa = PBXFileReference; lastKnownFileType = "wrapper.plug-in"; path = WeiboSDK.bundle; sourceTree = "<group>"; };
		5156EFD11BAC10D6003671D3 /* WeiboSDK.h */ = {isa = PBXFileReference; fileEncoding = 4; lastKnownFileType = sourcecode.c.h; path = WeiboSDK.h; sourceTree = "<group>"; };
		5156EFD21BAC10D6003671D3 /* WeiboUser.h */ = {isa = PBXFileReference; fileEncoding = 4; lastKnownFileType = sourcecode.c.h; path = WeiboUser.h; sourceTree = "<group>"; };
		519614CE1B94055F00693D46 /* CWShare.h */ = {isa = PBXFileReference; fileEncoding = 4; lastKnownFileType = sourcecode.c.h; path = CWShare.h; sourceTree = "<group>"; };
		519614CF1B94055F00693D46 /* CWShare.m */ = {isa = PBXFileReference; fileEncoding = 4; lastKnownFileType = sourcecode.c.objc; path = CWShare.m; sourceTree = "<group>"; };
		519614D01B94055F00693D46 /* CWShareConfig.h */ = {isa = PBXFileReference; fileEncoding = 4; lastKnownFileType = sourcecode.c.h; path = CWShareConfig.h; sourceTree = "<group>"; };
		519614D11B94055F00693D46 /* CWShareDelegate.h */ = {isa = PBXFileReference; fileEncoding = 4; lastKnownFileType = sourcecode.c.h; path = CWShareDelegate.h; sourceTree = "<group>"; };
		519614D21B94055F00693D46 /* CWShareQQ.h */ = {isa = PBXFileReference; fileEncoding = 4; lastKnownFileType = sourcecode.c.h; path = CWShareQQ.h; sourceTree = "<group>"; };
		519614D31B94055F00693D46 /* CWShareQQ.m */ = {isa = PBXFileReference; fileEncoding = 4; lastKnownFileType = sourcecode.c.objc; path = CWShareQQ.m; sourceTree = "<group>"; };
		519614D41B94055F00693D46 /* CWShareQQDelegate.h */ = {isa = PBXFileReference; fileEncoding = 4; lastKnownFileType = sourcecode.c.h; path = CWShareQQDelegate.h; sourceTree = "<group>"; };
		519614D51B94055F00693D46 /* CWShareSina.h */ = {isa = PBXFileReference; fileEncoding = 4; lastKnownFileType = sourcecode.c.h; path = CWShareSina.h; sourceTree = "<group>"; };
		519614D61B94055F00693D46 /* CWShareSina.m */ = {isa = PBXFileReference; fileEncoding = 4; lastKnownFileType = sourcecode.c.objc; path = CWShareSina.m; sourceTree = "<group>"; };
		519614D71B94055F00693D46 /* CWShareSinaDelegate.h */ = {isa = PBXFileReference; fileEncoding = 4; lastKnownFileType = sourcecode.c.h; path = CWShareSinaDelegate.h; sourceTree = "<group>"; };
		519614D81B94055F00693D46 /* CWShareStorage.h */ = {isa = PBXFileReference; fileEncoding = 4; lastKnownFileType = sourcecode.c.h; path = CWShareStorage.h; sourceTree = "<group>"; };
		519614D91B94055F00693D46 /* CWShareStorage.m */ = {isa = PBXFileReference; fileEncoding = 4; lastKnownFileType = sourcecode.c.objc; path = CWShareStorage.m; sourceTree = "<group>"; };
		519614DA1B94055F00693D46 /* CWShareTools.h */ = {isa = PBXFileReference; fileEncoding = 4; lastKnownFileType = sourcecode.c.h; path = CWShareTools.h; sourceTree = "<group>"; };
		519614DB1B94055F00693D46 /* CWShareTools.m */ = {isa = PBXFileReference; fileEncoding = 4; lastKnownFileType = sourcecode.c.objc; path = CWShareTools.m; sourceTree = "<group>"; };
		519614DC1B94055F00693D46 /* CWShareWeChat.h */ = {isa = PBXFileReference; fileEncoding = 4; lastKnownFileType = sourcecode.c.h; path = CWShareWeChat.h; sourceTree = "<group>"; };
		519614DD1B94055F00693D46 /* CWShareWeChat.m */ = {isa = PBXFileReference; fileEncoding = 4; lastKnownFileType = sourcecode.c.objc; path = CWShareWeChat.m; sourceTree = "<group>"; };
		519614DE1B94055F00693D46 /* CWShareWeChatDelegate.h */ = {isa = PBXFileReference; fileEncoding = 4; lastKnownFileType = sourcecode.c.h; path = CWShareWeChatDelegate.h; sourceTree = "<group>"; };
		519614F41B94055F00693D46 /* TencentOpenAPI.framework */ = {isa = PBXFileReference; lastKnownFileType = wrapper.framework; path = TencentOpenAPI.framework; sourceTree = "<group>"; };
		519614F51B94055F00693D46 /* TencentOpenApi_IOS_Bundle.bundle */ = {isa = PBXFileReference; lastKnownFileType = "wrapper.plug-in"; path = TencentOpenApi_IOS_Bundle.bundle; sourceTree = "<group>"; };
		519614F71B94055F00693D46 /* libWeChatSDK.a */ = {isa = PBXFileReference; lastKnownFileType = archive.ar; path = libWeChatSDK.a; sourceTree = "<group>"; };
		519614F81B94055F00693D46 /* WXApi.h */ = {isa = PBXFileReference; fileEncoding = 4; lastKnownFileType = sourcecode.c.h; path = WXApi.h; sourceTree = "<group>"; };
		519614F91B94055F00693D46 /* WXApiObject.h */ = {isa = PBXFileReference; fileEncoding = 4; lastKnownFileType = sourcecode.c.h; path = WXApiObject.h; sourceTree = "<group>"; };
		519615461B940BC700693D46 /* CoreText.framework */ = {isa = PBXFileReference; lastKnownFileType = wrapper.framework; name = CoreText.framework; path = System/Library/Frameworks/CoreText.framework; sourceTree = SDKROOT; };
		6B26B43E1DD1712800B52BF4 /* AFHTTPSessionManager.h */ = {isa = PBXFileReference; fileEncoding = 4; lastKnownFileType = sourcecode.c.h; path = AFHTTPSessionManager.h; sourceTree = "<group>"; };
		6B26B43F1DD1712800B52BF4 /* AFHTTPSessionManager.m */ = {isa = PBXFileReference; fileEncoding = 4; lastKnownFileType = sourcecode.c.objc; path = AFHTTPSessionManager.m; sourceTree = "<group>"; };
		6B26B4401DD1712800B52BF4 /* AFNetworking.h */ = {isa = PBXFileReference; fileEncoding = 4; lastKnownFileType = sourcecode.c.h; path = AFNetworking.h; sourceTree = "<group>"; };
		6B26B4411DD1712800B52BF4 /* AFNetworkReachabilityManager.h */ = {isa = PBXFileReference; fileEncoding = 4; lastKnownFileType = sourcecode.c.h; path = AFNetworkReachabilityManager.h; sourceTree = "<group>"; };
		6B26B4421DD1712800B52BF4 /* AFNetworkReachabilityManager.m */ = {isa = PBXFileReference; fileEncoding = 4; lastKnownFileType = sourcecode.c.objc; path = AFNetworkReachabilityManager.m; sourceTree = "<group>"; };
		6B26B4431DD1712800B52BF4 /* AFSecurityPolicy.h */ = {isa = PBXFileReference; fileEncoding = 4; lastKnownFileType = sourcecode.c.h; path = AFSecurityPolicy.h; sourceTree = "<group>"; };
		6B26B4441DD1712800B52BF4 /* AFSecurityPolicy.m */ = {isa = PBXFileReference; fileEncoding = 4; lastKnownFileType = sourcecode.c.objc; path = AFSecurityPolicy.m; sourceTree = "<group>"; };
		6B26B4451DD1712800B52BF4 /* AFURLRequestSerialization.h */ = {isa = PBXFileReference; fileEncoding = 4; lastKnownFileType = sourcecode.c.h; path = AFURLRequestSerialization.h; sourceTree = "<group>"; };
		6B26B4461DD1712800B52BF4 /* AFURLRequestSerialization.m */ = {isa = PBXFileReference; fileEncoding = 4; lastKnownFileType = sourcecode.c.objc; path = AFURLRequestSerialization.m; sourceTree = "<group>"; };
		6B26B4471DD1712800B52BF4 /* AFURLResponseSerialization.h */ = {isa = PBXFileReference; fileEncoding = 4; lastKnownFileType = sourcecode.c.h; path = AFURLResponseSerialization.h; sourceTree = "<group>"; };
		6B26B4481DD1712800B52BF4 /* AFURLResponseSerialization.m */ = {isa = PBXFileReference; fileEncoding = 4; lastKnownFileType = sourcecode.c.objc; path = AFURLResponseSerialization.m; sourceTree = "<group>"; };
		6B26B4491DD1712800B52BF4 /* AFURLSessionManager.h */ = {isa = PBXFileReference; fileEncoding = 4; lastKnownFileType = sourcecode.c.h; path = AFURLSessionManager.h; sourceTree = "<group>"; };
		6B26B44A1DD1712800B52BF4 /* AFURLSessionManager.m */ = {isa = PBXFileReference; fileEncoding = 4; lastKnownFileType = sourcecode.c.objc; path = AFURLSessionManager.m; sourceTree = "<group>"; };
		6B26B4511DD174BF00B52BF4 /* CWShareView.h */ = {isa = PBXFileReference; fileEncoding = 4; lastKnownFileType = sourcecode.c.h; path = CWShareView.h; sourceTree = "<group>"; };
		6B26B4521DD174BF00B52BF4 /* CWShareView.m */ = {isa = PBXFileReference; fileEncoding = 4; lastKnownFileType = sourcecode.c.objc; path = CWShareView.m; sourceTree = "<group>"; };
		6B26B4541DD1788A00B52BF4 /* CWShare.xcassets */ = {isa = PBXFileReference; lastKnownFileType = folder.assetcatalog; path = CWShare.xcassets; sourceTree = "<group>"; };
		6B26B45A1DD17F6F00B52BF4 /* screenshot1.jpeg */ = {isa = PBXFileReference; lastKnownFileType = image.jpeg; path = screenshot1.jpeg; sourceTree = "<group>"; };
		6B26B45B1DD17F6F00B52BF4 /* screenshot2.jpeg */ = {isa = PBXFileReference; lastKnownFileType = image.jpeg; path = screenshot2.jpeg; sourceTree = "<group>"; };
/* End PBXFileReference section */

/* Begin PBXFrameworksBuildPhase section */
		322C829B15DE21B200093AF9 /* Frameworks */ = {
			isa = PBXFrameworksBuildPhase;
			buildActionMask = 2147483647;
			files = (
				519615471B940BC700693D46 /* CoreText.framework in Frameworks */,
				323BA7471A665CC50032B3ED /* ImageIO.framework in Frameworks */,
				322427091987621F00971E4E /* CoreFoundation.framework in Frameworks */,
				519615201B94055F00693D46 /* libWeChatSDK.a in Frameworks */,
				3207D02018E424C00025B64F /* MessageUI.framework in Frameworks */,
				3230CB42182B2FD60096359C /* CoreTelephony.framework in Frameworks */,
				3230CB3D182B2FB10096359C /* QuartzCore.framework in Frameworks */,
				3230CB3E182B2FB10096359C /* MobileCoreServices.framework in Frameworks */,
				3230CB3F182B2FB10096359C /* SystemConfiguration.framework in Frameworks */,
				5196151E1B94055F00693D46 /* TencentOpenAPI.framework in Frameworks */,
				5156EFD31BAC10D6003671D3 /* libWeiboSDK.a in Frameworks */,
				3230CB3C182B2F850096359C /* Security.framework in Frameworks */,
				3230CB3A182B2F7B0096359C /* libiconv.dylib in Frameworks */,
				322C82A715DE21B200093AF9 /* CoreGraphics.framework in Frameworks */,
				3230CB38182B2F4F0096359C /* libsqlite3.dylib in Frameworks */,
				3230CB32182B2F020096359C /* libstdc++.dylib in Frameworks */,
				32D7A13616240BDF00AA5940 /* libz.dylib in Frameworks */,
				322C82A315DE21B200093AF9 /* UIKit.framework in Frameworks */,
				322C82A515DE21B200093AF9 /* Foundation.framework in Frameworks */,
			);
			runOnlyForDeploymentPostprocessing = 0;
		};
/* End PBXFrameworksBuildPhase section */

/* Begin PBXGroup section */
		322C829315DE21B200093AF9 = {
			isa = PBXGroup;
			children = (
				519614CD1B94055F00693D46 /* CWShare */,
				519614FA1B94055F00693D46 /* ThirdPartyLib */,
				322C82A815DE21B200093AF9 /* CWShareDemo */,
				322C82A115DE21B200093AF9 /* Frameworks */,
				322C829F15DE21B200093AF9 /* Products */,
			);
			sourceTree = "<group>";
		};
		322C829F15DE21B200093AF9 /* Products */ = {
			isa = PBXGroup;
			children = (
				322C829E15DE21B200093AF9 /* CWShareDemo.app */,
			);
			name = Products;
			sourceTree = "<group>";
		};
		322C82A115DE21B200093AF9 /* Frameworks */ = {
			isa = PBXGroup;
			children = (
				519615461B940BC700693D46 /* CoreText.framework */,
				323BA7461A665CC50032B3ED /* ImageIO.framework */,
				322427081987621F00971E4E /* CoreFoundation.framework */,
				3207D01F18E424C00025B64F /* MessageUI.framework */,
				3230CB41182B2FD60096359C /* CoreTelephony.framework */,
				32D7A12F16240AD900AA5940 /* QuartzCore.framework */,
				32D7A12D16240A5700AA5940 /* MobileCoreServices.framework */,
				32D7A12B16240A4300AA5940 /* SystemConfiguration.framework */,
				32D7A12916240A3D00AA5940 /* CFNetwork.framework */,
				32D7A13516240BDF00AA5940 /* libz.dylib */,
				3230CB3B182B2F850096359C /* Security.framework */,
				3230CB39182B2F7B0096359C /* libiconv.dylib */,
				3230CB37182B2F4F0096359C /* libsqlite3.dylib */,
				3230CB31182B2F020096359C /* libstdc++.dylib */,
				322C82A215DE21B200093AF9 /* UIKit.framework */,
				322C82A415DE21B200093AF9 /* Foundation.framework */,
				322C82A615DE21B200093AF9 /* CoreGraphics.framework */,
			);
			name = Frameworks;
			sourceTree = "<group>";
		};
		322C82A815DE21B200093AF9 /* CWShareDemo */ = {
			isa = PBXGroup;
			children = (
				322C82BF15DE226A00093AF9 /* ViewController */,
				322C82A915DE21B200093AF9 /* Supporting Files */,
			);
			path = CWShareDemo;
			sourceTree = "<group>";
		};
		322C82A915DE21B200093AF9 /* Supporting Files */ = {
			isa = PBXGroup;
			children = (
				6B26B45A1DD17F6F00B52BF4 /* screenshot1.jpeg */,
				6B26B45B1DD17F6F00B52BF4 /* screenshot2.jpeg */,
				32D1F2AA172A2D5800A877F8 /* Default-568h@2x.png */,
				32D7A1401624282300AA5940 /* blackArrow@2x.png */,
				322C82AA15DE21B200093AF9 /* CWShareDemo-Info.plist */,
				322C82AB15DE21B200093AF9 /* InfoPlist.strings */,
				322C82AE15DE21B200093AF9 /* main.m */,
				322C82B015DE21B200093AF9 /* CWShareDemo-Prefix.pch */,
			);
			name = "Supporting Files";
			sourceTree = "<group>";
		};
		322C82BF15DE226A00093AF9 /* ViewController */ = {
			isa = PBXGroup;
			children = (
				322C82C015DE226A00093AF9 /* AppDelegate.h */,
				322C82C115DE226A00093AF9 /* AppDelegate.m */,
				322C82C215DE226A00093AF9 /* ViewController.h */,
				322C82C315DE226A00093AF9 /* ViewController.m */,
				322C82B715DE21B200093AF9 /* ViewController.xib */,
			);
			path = ViewController;
			sourceTree = "<group>";
		};
		5156EFC61BAC10D6003671D3 /* Sina */ = {
			isa = PBXGroup;
			children = (
				5156EFC71BAC10D6003671D3 /* libWeiboSDK.a */,
				5156EFC81BAC10D6003671D3 /* WBHttpRequest+WeiboGame.h */,
				5156EFC91BAC10D6003671D3 /* WBHttpRequest+WeiboShare.h */,
				5156EFCA1BAC10D6003671D3 /* WBHttpRequest+WeiboToken.h */,
				5156EFCB1BAC10D6003671D3 /* WBHttpRequest+WeiboUser.h */,
				5156EFCC1BAC10D6003671D3 /* WBHttpRequest.h */,
				5156EFCD1BAC10D6003671D3 /* WBSDKBasicButton.h */,
				5156EFCE1BAC10D6003671D3 /* WBSDKCommentButton.h */,
				5156EFCF1BAC10D6003671D3 /* WBSDKRelationshipButton.h */,
				5156EFD01BAC10D6003671D3 /* WeiboSDK.bundle */,
				5156EFD11BAC10D6003671D3 /* WeiboSDK.h */,
				5156EFD21BAC10D6003671D3 /* WeiboUser.h */,
			);
			path = Sina;
			sourceTree = "<group>";
		};
		519614CD1B94055F00693D46 /* CWShare */ = {
			isa = PBXGroup;
			children = (
				519614CE1B94055F00693D46 /* CWShare.h */,
				519614CF1B94055F00693D46 /* CWShare.m */,
				519614D01B94055F00693D46 /* CWShareConfig.h */,
				519614D11B94055F00693D46 /* CWShareDelegate.h */,
				519614D21B94055F00693D46 /* CWShareQQ.h */,
				519614D31B94055F00693D46 /* CWShareQQ.m */,
				519614D41B94055F00693D46 /* CWShareQQDelegate.h */,
				519614D51B94055F00693D46 /* CWShareSina.h */,
				519614D61B94055F00693D46 /* CWShareSina.m */,
				519614D71B94055F00693D46 /* CWShareSinaDelegate.h */,
				519614D81B94055F00693D46 /* CWShareStorage.h */,
				519614D91B94055F00693D46 /* CWShareStorage.m */,
				519614DA1B94055F00693D46 /* CWShareTools.h */,
				519614DB1B94055F00693D46 /* CWShareTools.m */,
				519614DC1B94055F00693D46 /* CWShareWeChat.h */,
				519614DD1B94055F00693D46 /* CWShareWeChat.m */,
				519614DE1B94055F00693D46 /* CWShareWeChatDelegate.h */,
				6B26B4511DD174BF00B52BF4 /* CWShareView.h */,
				6B26B4521DD174BF00B52BF4 /* CWShareView.m */,
				6B26B4541DD1788A00B52BF4 /* CWShare.xcassets */,
				5156EFC61BAC10D6003671D3 /* Sina */,
				519614F31B94055F00693D46 /* Tencent */,
				519614F61B94055F00693D46 /* WeChat */,
			);
			path = CWShare;
			sourceTree = "<group>";
		};
		519614F31B94055F00693D46 /* Tencent */ = {
			isa = PBXGroup;
			children = (
				519614F41B94055F00693D46 /* TencentOpenAPI.framework */,
				519614F51B94055F00693D46 /* TencentOpenApi_IOS_Bundle.bundle */,
			);
			path = Tencent;
			sourceTree = "<group>";
		};
		519614F61B94055F00693D46 /* WeChat */ = {
			isa = PBXGroup;
			children = (
				519614F71B94055F00693D46 /* libWeChatSDK.a */,
				519614F81B94055F00693D46 /* WXApi.h */,
				519614F91B94055F00693D46 /* WXApiObject.h */,
			);
			path = WeChat;
			sourceTree = "<group>";
		};
		519614FA1B94055F00693D46 /* ThirdPartyLib */ = {
			isa = PBXGroup;
			children = (
				6B26B43C1DD1712800B52BF4 /* AFNetworking */,
			);
			path = ThirdPartyLib;
			sourceTree = "<group>";
		};
		6B26B43C1DD1712800B52BF4 /* AFNetworking */ = {
			isa = PBXGroup;
			children = (
				6B26B43D1DD1712800B52BF4 /* AFNetworking */,
			);
			path = AFNetworking;
			sourceTree = "<group>";
		};
		6B26B43D1DD1712800B52BF4 /* AFNetworking */ = {
			isa = PBXGroup;
			children = (
				6B26B43E1DD1712800B52BF4 /* AFHTTPSessionManager.h */,
				6B26B43F1DD1712800B52BF4 /* AFHTTPSessionManager.m */,
				6B26B4401DD1712800B52BF4 /* AFNetworking.h */,
				6B26B4411DD1712800B52BF4 /* AFNetworkReachabilityManager.h */,
				6B26B4421DD1712800B52BF4 /* AFNetworkReachabilityManager.m */,
				6B26B4431DD1712800B52BF4 /* AFSecurityPolicy.h */,
				6B26B4441DD1712800B52BF4 /* AFSecurityPolicy.m */,
				6B26B4451DD1712800B52BF4 /* AFURLRequestSerialization.h */,
				6B26B4461DD1712800B52BF4 /* AFURLRequestSerialization.m */,
				6B26B4471DD1712800B52BF4 /* AFURLResponseSerialization.h */,
				6B26B4481DD1712800B52BF4 /* AFURLResponseSerialization.m */,
				6B26B4491DD1712800B52BF4 /* AFURLSessionManager.h */,
				6B26B44A1DD1712800B52BF4 /* AFURLSessionManager.m */,
			);
			path = AFNetworking;
			sourceTree = "<group>";
		};
/* End PBXGroup section */

/* Begin PBXNativeTarget section */
		322C829D15DE21B200093AF9 /* CWShareDemo */ = {
			isa = PBXNativeTarget;
			buildConfigurationList = 322C82BC15DE21B200093AF9 /* Build configuration list for PBXNativeTarget "CWShareDemo" */;
			buildPhases = (
				322C829A15DE21B200093AF9 /* Sources */,
				322C829B15DE21B200093AF9 /* Frameworks */,
				322C829C15DE21B200093AF9 /* Resources */,
			);
			buildRules = (
			);
			dependencies = (
			);
			name = CWShareDemo;
			productName = CWShareDemo;
			productReference = 322C829E15DE21B200093AF9 /* CWShareDemo.app */;
			productType = "com.apple.product-type.application";
		};
/* End PBXNativeTarget section */

/* Begin PBXProject section */
		322C829515DE21B200093AF9 /* Project object */ = {
			isa = PBXProject;
			attributes = {
				LastUpgradeCheck = 0800;
			};
			buildConfigurationList = 322C829815DE21B200093AF9 /* Build configuration list for PBXProject "CWShareDemo" */;
			compatibilityVersion = "Xcode 3.2";
			developmentRegion = English;
			hasScannedForEncodings = 0;
			knownRegions = (
				en,
			);
			mainGroup = 322C829315DE21B200093AF9;
			productRefGroup = 322C829F15DE21B200093AF9 /* Products */;
			projectDirPath = "";
			projectRoot = "";
			targets = (
				322C829D15DE21B200093AF9 /* CWShareDemo */,
			);
		};
/* End PBXProject section */

/* Begin PBXResourcesBuildPhase section */
		322C829C15DE21B200093AF9 /* Resources */ = {
			isa = PBXResourcesBuildPhase;
			buildActionMask = 2147483647;
			files = (
				6B26B4551DD1788A00B52BF4 /* CWShare.xcassets in Resources */,
				322C82AD15DE21B200093AF9 /* InfoPlist.strings in Resources */,
				322C82B915DE21B200093AF9 /* ViewController.xib in Resources */,
				6B26B45C1DD17F6F00B52BF4 /* screenshot1.jpeg in Resources */,
				32D7A1411624282300AA5940 /* blackArrow@2x.png in Resources */,
				32D1F2AB172A2D5800A877F8 /* Default-568h@2x.png in Resources */,
				6B26B45D1DD17F6F00B52BF4 /* screenshot2.jpeg in Resources */,
				5196151F1B94055F00693D46 /* TencentOpenApi_IOS_Bundle.bundle in Resources */,
				5156EFD41BAC10D6003671D3 /* WeiboSDK.bundle in Resources */,
			);
			runOnlyForDeploymentPostprocessing = 0;
		};
/* End PBXResourcesBuildPhase section */

/* Begin PBXSourcesBuildPhase section */
		322C829A15DE21B200093AF9 /* Sources */ = {
			isa = PBXSourcesBuildPhase;
			buildActionMask = 2147483647;
			files = (
				6B26B4531DD174BF00B52BF4 /* CWShareView.m in Sources */,
				6B26B4501DD1712800B52BF4 /* AFURLSessionManager.m in Sources */,
				322C82AF15DE21B200093AF9 /* main.m in Sources */,
				5196150F1B94055F00693D46 /* CWShare.m in Sources */,
				519615101B94055F00693D46 /* CWShareQQ.m in Sources */,
				519615121B94055F00693D46 /* CWShareStorage.m in Sources */,
				6B26B44D1DD1712800B52BF4 /* AFSecurityPolicy.m in Sources */,
				322C82C415DE226A00093AF9 /* AppDelegate.m in Sources */,
				6B26B44E1DD1712800B52BF4 /* AFURLRequestSerialization.m in Sources */,
				519615111B94055F00693D46 /* CWShareSina.m in Sources */,
				322C82C515DE226A00093AF9 /* ViewController.m in Sources */,
				6B26B44B1DD1712800B52BF4 /* AFHTTPSessionManager.m in Sources */,
				519615141B94055F00693D46 /* CWShareWeChat.m in Sources */,
				6B26B44C1DD1712800B52BF4 /* AFNetworkReachabilityManager.m in Sources */,
				6B26B44F1DD1712800B52BF4 /* AFURLResponseSerialization.m in Sources */,
				519615131B94055F00693D46 /* CWShareTools.m in Sources */,
			);
			runOnlyForDeploymentPostprocessing = 0;
		};
/* End PBXSourcesBuildPhase section */

/* Begin PBXVariantGroup section */
		322C82AB15DE21B200093AF9 /* InfoPlist.strings */ = {
			isa = PBXVariantGroup;
			children = (
				322C82AC15DE21B200093AF9 /* en */,
			);
			name = InfoPlist.strings;
			sourceTree = "<group>";
		};
		322C82B715DE21B200093AF9 /* ViewController.xib */ = {
			isa = PBXVariantGroup;
			children = (
				322C82B815DE21B200093AF9 /* en */,
			);
			name = ViewController.xib;
			path = ..;
			sourceTree = "<group>";
		};
/* End PBXVariantGroup section */

/* Begin XCBuildConfiguration section */
		322C82BA15DE21B200093AF9 /* Debug */ = {
			isa = XCBuildConfiguration;
			buildSettings = {
				ALWAYS_SEARCH_USER_PATHS = NO;
				CLANG_CXX_LANGUAGE_STANDARD = "gnu++0x";
				CLANG_WARN_BOOL_CONVERSION = YES;
				CLANG_WARN_CONSTANT_CONVERSION = YES;
				CLANG_WARN_EMPTY_BODY = YES;
				CLANG_WARN_ENUM_CONVERSION = YES;
				CLANG_WARN_INFINITE_RECURSION = YES;
				CLANG_WARN_INT_CONVERSION = YES;
				CLANG_WARN_SUSPICIOUS_MOVE = YES;
				CLANG_WARN_UNREACHABLE_CODE = YES;
				CLANG_WARN__DUPLICATE_METHOD_MATCH = YES;
				CODE_SIGN_IDENTITY = "iPhone Developer: Shangjiu yang (YUWX5UD7HF)";
				"CODE_SIGN_IDENTITY[sdk=iphoneos*]" = "iPhone Developer: Shangjiu yang (YUWX5UD7HF)";
				COPY_PHASE_STRIP = NO;
				ENABLE_STRICT_OBJC_MSGSEND = YES;
				ENABLE_TESTABILITY = YES;
				GCC_C_LANGUAGE_STANDARD = gnu99;
				GCC_DYNAMIC_NO_PIC = NO;
				GCC_NO_COMMON_BLOCKS = YES;
				GCC_OPTIMIZATION_LEVEL = 0;
				GCC_PREPROCESSOR_DEFINITIONS = (
					"DEBUG=1",
					"$(inherited)",
				);
				GCC_SYMBOLS_PRIVATE_EXTERN = NO;
				GCC_VERSION = com.apple.compilers.llvm.clang.1_0;
				GCC_WARN_64_TO_32_BIT_CONVERSION = YES;
				GCC_WARN_ABOUT_RETURN_TYPE = YES;
				GCC_WARN_UNDECLARED_SELECTOR = YES;
				GCC_WARN_UNINITIALIZED_AUTOS = YES;
				GCC_WARN_UNUSED_FUNCTION = YES;
				GCC_WARN_UNUSED_VARIABLE = YES;
				IPHONEOS_DEPLOYMENT_TARGET = 8.0;
				ONLY_ACTIVE_ARCH = YES;
				PROVISIONING_PROFILE = "";
				SDKROOT = iphoneos;
			};
			name = Debug;
		};
		322C82BB15DE21B200093AF9 /* Release */ = {
			isa = XCBuildConfiguration;
			buildSettings = {
				ALWAYS_SEARCH_USER_PATHS = NO;
				CLANG_CXX_LANGUAGE_STANDARD = "gnu++0x";
				CLANG_WARN_BOOL_CONVERSION = YES;
				CLANG_WARN_CONSTANT_CONVERSION = YES;
				CLANG_WARN_EMPTY_BODY = YES;
				CLANG_WARN_ENUM_CONVERSION = YES;
				CLANG_WARN_INFINITE_RECURSION = YES;
				CLANG_WARN_INT_CONVERSION = YES;
				CLANG_WARN_SUSPICIOUS_MOVE = YES;
				CLANG_WARN_UNREACHABLE_CODE = YES;
				CLANG_WARN__DUPLICATE_METHOD_MATCH = YES;
				CODE_SIGN_IDENTITY = "iPhone Distribution: Hubei Xinlingyu Culture Media Co., Ltd. (P2VUSKCQLP)";
				"CODE_SIGN_IDENTITY[sdk=iphoneos*]" = "iPhone Distribution: Hubei Xinlingyu Culture Media Co., Ltd. (P2VUSKCQLP)";
				COPY_PHASE_STRIP = YES;
				ENABLE_STRICT_OBJC_MSGSEND = YES;
				GCC_C_LANGUAGE_STANDARD = gnu99;
				GCC_NO_COMMON_BLOCKS = YES;
				GCC_VERSION = com.apple.compilers.llvm.clang.1_0;
				GCC_WARN_64_TO_32_BIT_CONVERSION = YES;
				GCC_WARN_ABOUT_RETURN_TYPE = YES;
				GCC_WARN_UNDECLARED_SELECTOR = YES;
				GCC_WARN_UNINITIALIZED_AUTOS = YES;
				GCC_WARN_UNUSED_FUNCTION = YES;
				GCC_WARN_UNUSED_VARIABLE = YES;
				IPHONEOS_DEPLOYMENT_TARGET = 8.0;
				OTHER_CFLAGS = "-DNS_BLOCK_ASSERTIONS=1";
				PROVISIONING_PROFILE = "";
				SDKROOT = iphoneos;
				VALIDATE_PRODUCT = YES;
			};
			name = Release;
		};
		322C82BD15DE21B200093AF9 /* Debug */ = {
			isa = XCBuildConfiguration;
			buildSettings = {
				CLANG_ENABLE_OBJC_ARC = YES;
				FRAMEWORK_SEARCH_PATHS = (
					"$(inherited)",
					"$(PROJECT_DIR)/CWShare/Tencent",
				);
				GCC_PRECOMPILE_PREFIX_HEADER = YES;
				GCC_PREFIX_HEADER = "CWShareDemo/CWShareDemo-Prefix.pch";
				HEADER_SEARCH_PATHS = "$(inherited)";
				INFOPLIST_FILE = "CWShareDemo/CWShareDemo-Info.plist";
				IPHONEOS_DEPLOYMENT_TARGET = 8.0;
				LIBRARY_SEARCH_PATHS = (
					"$(inherited)",
					"$(PROJECT_DIR)/CWShare/WeChat",
					"$(PROJECT_DIR)/CWShare/Sina",
				);
				ONLY_ACTIVE_ARCH = YES;
				OTHER_LDFLAGS = (
					"-fobjc-arc",
					"-all_load",
					"-licucore",
				);
				PRODUCT_BUNDLE_IDENTIFIER = com.shenghuofan.mobile;
				PRODUCT_NAME = "$(TARGET_NAME)";
				WRAPPER_EXTENSION = app;
			};
			name = Debug;
		};
		322C82BE15DE21B200093AF9 /* Release */ = {
			isa = XCBuildConfiguration;
			buildSettings = {
				CLANG_ENABLE_OBJC_ARC = YES;
				FRAMEWORK_SEARCH_PATHS = (
					"$(inherited)",
					"$(PROJECT_DIR)/CWShare/Tencent",
				);
				GCC_PRECOMPILE_PREFIX_HEADER = YES;
				GCC_PREFIX_HEADER = "CWShareDemo/CWShareDemo-Prefix.pch";
				HEADER_SEARCH_PATHS = "$(inherited)";
				INFOPLIST_FILE = "CWShareDemo/CWShareDemo-Info.plist";
				IPHONEOS_DEPLOYMENT_TARGET = 8.0;
				LIBRARY_SEARCH_PATHS = (
					"$(inherited)",
					"$(PROJECT_DIR)/CWShare/WeChat",
					"$(PROJECT_DIR)/CWShare/Sina",
				);
				ONLY_ACTIVE_ARCH = YES;
				OTHER_LDFLAGS = (
					"-fobjc-arc",
					"-all_load",
					"-licucore",
				);
				PRODUCT_BUNDLE_IDENTIFIER = com.shenghuofan.mobile;
				PRODUCT_NAME = "$(TARGET_NAME)";
				WRAPPER_EXTENSION = app;
			};
			name = Release;
		};
/* End XCBuildConfiguration section */

/* Begin XCConfigurationList section */
		322C829815DE21B200093AF9 /* Build configuration list for PBXProject "CWShareDemo" */ = {
			isa = XCConfigurationList;
			buildConfigurations = (
				322C82BA15DE21B200093AF9 /* Debug */,
				322C82BB15DE21B200093AF9 /* Release */,
			);
			defaultConfigurationIsVisible = 0;
			defaultConfigurationName = Release;
		};
		322C82BC15DE21B200093AF9 /* Build configuration list for PBXNativeTarget "CWShareDemo" */ = {
			isa = XCConfigurationList;
			buildConfigurations = (
				322C82BD15DE21B200093AF9 /* Debug */,
				322C82BE15DE21B200093AF9 /* Release */,
			);
			defaultConfigurationIsVisible = 0;
			defaultConfigurationName = Release;
		};
/* End XCConfigurationList section */
	};
	rootObject = 322C829515DE21B200093AF9 /* Project object */;
}
