// !$*UTF8*$!
{
	archiveVersion = 1;
	classes = {
	};
	objectVersion = 46;
	objects = {

/* Begin PBXBuildFile section */
		3207D02018E424C00025B64F /* MessageUI.framework in Frameworks */ = {isa = PBXBuildFile; fileRef = 3207D01F18E424C00025B64F /* MessageUI.framework */; };
		320A8EF8199B4322006923E3 /* CWShare.m in Sources */ = {isa = PBXBuildFile; fileRef = 320A8EBE199B4322006923E3 /* CWShare.m */; };
		320A8EF9199B4322006923E3 /* CWShareSina.m in Sources */ = {isa = PBXBuildFile; fileRef = 320A8EC2199B4322006923E3 /* CWShareSina.m */; };
		320A8EFA199B4322006923E3 /* CWShareSinaAuthorize.m in Sources */ = {isa = PBXBuildFile; fileRef = 320A8EC4199B4322006923E3 /* CWShareSinaAuthorize.m */; };
		320A8EFB199B4322006923E3 /* CWShareStorage.m in Sources */ = {isa = PBXBuildFile; fileRef = 320A8EC7199B4322006923E3 /* CWShareStorage.m */; };
		320A8EFC199B4322006923E3 /* CWShareTencent.m in Sources */ = {isa = PBXBuildFile; fileRef = 320A8EC9199B4322006923E3 /* CWShareTencent.m */; };
		320A8EFD199B4322006923E3 /* CWShareTools.m in Sources */ = {isa = PBXBuildFile; fileRef = 320A8ECC199B4322006923E3 /* CWShareTools.m */; };
		320A8EFE199B4322006923E3 /* CWShareWeChat.m in Sources */ = {isa = PBXBuildFile; fileRef = 320A8ECE199B4322006923E3 /* CWShareWeChat.m */; };
		320A8EFF199B4322006923E3 /* mail-ios6@2x.png in Resources */ = {isa = PBXBuildFile; fileRef = 320A8ED0199B4322006923E3 /* mail-ios6@2x.png */; };
		320A8F00199B4322006923E3 /* mail-ios7@2x.png in Resources */ = {isa = PBXBuildFile; fileRef = 320A8ED1199B4322006923E3 /* mail-ios7@2x.png */; };
		320A8F01199B4322006923E3 /* message-ios6@2x.png in Resources */ = {isa = PBXBuildFile; fileRef = 320A8ED2199B4322006923E3 /* message-ios6@2x.png */; };
		320A8F02199B4322006923E3 /* message-ios7@2x.png in Resources */ = {isa = PBXBuildFile; fileRef = 320A8ED3199B4322006923E3 /* message-ios7@2x.png */; };
		320A8F03199B4322006923E3 /* session-ios6@2x.png in Resources */ = {isa = PBXBuildFile; fileRef = 320A8ED4199B4322006923E3 /* session-ios6@2x.png */; };
		320A8F04199B4322006923E3 /* session-ios7@2x.png in Resources */ = {isa = PBXBuildFile; fileRef = 320A8ED5199B4322006923E3 /* session-ios7@2x.png */; };
		320A8F05199B4322006923E3 /* sina-ios6@2x.png in Resources */ = {isa = PBXBuildFile; fileRef = 320A8ED6199B4322006923E3 /* sina-ios6@2x.png */; };
		320A8F06199B4322006923E3 /* sina-ios7@2x.png in Resources */ = {isa = PBXBuildFile; fileRef = 320A8ED7199B4322006923E3 /* sina-ios7@2x.png */; };
		320A8F07199B4322006923E3 /* tencent-ios6@2x.png in Resources */ = {isa = PBXBuildFile; fileRef = 320A8ED8199B4322006923E3 /* tencent-ios6@2x.png */; };
		320A8F08199B4322006923E3 /* tencent-ios7@2x.png in Resources */ = {isa = PBXBuildFile; fileRef = 320A8ED9199B4322006923E3 /* tencent-ios7@2x.png */; };
		320A8F09199B4322006923E3 /* timeline-ios6@2x.png in Resources */ = {isa = PBXBuildFile; fileRef = 320A8EDA199B4322006923E3 /* timeline-ios6@2x.png */; };
		320A8F0A199B4322006923E3 /* timeline-ios7@2x.png in Resources */ = {isa = PBXBuildFile; fileRef = 320A8EDB199B4322006923E3 /* timeline-ios7@2x.png */; };
		320A8F0B199B4322006923E3 /* TencentOpenAPI.framework in Frameworks */ = {isa = PBXBuildFile; fileRef = 320A8EDD199B4322006923E3 /* TencentOpenAPI.framework */; };
		320A8F0C199B4322006923E3 /* TencentOpenApi_IOS_Bundle.bundle in Resources */ = {isa = PBXBuildFile; fileRef = 320A8EDE199B4322006923E3 /* TencentOpenApi_IOS_Bundle.bundle */; };
		320A8F0D199B4322006923E3 /* libWeChatSDK.a in Frameworks */ = {isa = PBXBuildFile; fileRef = 320A8EE0199B4322006923E3 /* libWeChatSDK.a */; };
		320A8F0E199B4322006923E3 /* AFHTTPRequestOperation.m in Sources */ = {isa = PBXBuildFile; fileRef = 320A8EE6199B4322006923E3 /* AFHTTPRequestOperation.m */; };
		320A8F0F199B4322006923E3 /* AFHTTPRequestOperationManager.m in Sources */ = {isa = PBXBuildFile; fileRef = 320A8EE8199B4322006923E3 /* AFHTTPRequestOperationManager.m */; };
		320A8F10199B4322006923E3 /* AFHTTPSessionManager.m in Sources */ = {isa = PBXBuildFile; fileRef = 320A8EEA199B4322006923E3 /* AFHTTPSessionManager.m */; };
		320A8F11199B4322006923E3 /* AFNetworkReachabilityManager.m in Sources */ = {isa = PBXBuildFile; fileRef = 320A8EED199B4322006923E3 /* AFNetworkReachabilityManager.m */; };
		320A8F12199B4322006923E3 /* AFSecurityPolicy.m in Sources */ = {isa = PBXBuildFile; fileRef = 320A8EEF199B4322006923E3 /* AFSecurityPolicy.m */; };
		320A8F13199B4322006923E3 /* AFURLConnectionOperation.m in Sources */ = {isa = PBXBuildFile; fileRef = 320A8EF1199B4322006923E3 /* AFURLConnectionOperation.m */; };
		320A8F14199B4322006923E3 /* AFURLRequestSerialization.m in Sources */ = {isa = PBXBuildFile; fileRef = 320A8EF3199B4322006923E3 /* AFURLRequestSerialization.m */; };
		320A8F15199B4322006923E3 /* AFURLResponseSerialization.m in Sources */ = {isa = PBXBuildFile; fileRef = 320A8EF5199B4322006923E3 /* AFURLResponseSerialization.m */; };
		320A8F16199B4322006923E3 /* AFURLSessionManager.m in Sources */ = {isa = PBXBuildFile; fileRef = 320A8EF7199B4322006923E3 /* AFURLSessionManager.m */; };
		322427091987621F00971E4E /* CoreFoundation.framework in Frameworks */ = {isa = PBXBuildFile; fileRef = 322427081987621F00971E4E /* CoreFoundation.framework */; };
		322C82A315DE21B200093AF9 /* UIKit.framework in Frameworks */ = {isa = PBXBuildFile; fileRef = 322C82A215DE21B200093AF9 /* UIKit.framework */; };
		322C82A515DE21B200093AF9 /* Foundation.framework in Frameworks */ = {isa = PBXBuildFile; fileRef = 322C82A415DE21B200093AF9 /* Foundation.framework */; };
		322C82A715DE21B200093AF9 /* CoreGraphics.framework in Frameworks */ = {isa = PBXBuildFile; fileRef = 322C82A615DE21B200093AF9 /* CoreGraphics.framework */; };
		322C82AD15DE21B200093AF9 /* InfoPlist.strings in Resources */ = {isa = PBXBuildFile; fileRef = 322C82AB15DE21B200093AF9 /* InfoPlist.strings */; };
		322C82AF15DE21B200093AF9 /* main.m in Sources */ = {isa = PBXBuildFile; fileRef = 322C82AE15DE21B200093AF9 /* main.m */; };
		322C82B915DE21B200093AF9 /* ViewController.xib in Resources */ = {isa = PBXBuildFile; fileRef = 322C82B715DE21B200093AF9 /* ViewController.xib */; };
		322C82C415DE226A00093AF9 /* AppDelegate.m in Sources */ = {isa = PBXBuildFile; fileRef = 322C82C115DE226A00093AF9 /* AppDelegate.m */; };
		322C82C515DE226A00093AF9 /* ViewController.m in Sources */ = {isa = PBXBuildFile; fileRef = 322C82C315DE226A00093AF9 /* ViewController.m */; };
		3230CB32182B2F020096359C /* libstdc++.dylib in Frameworks */ = {isa = PBXBuildFile; fileRef = 3230CB31182B2F020096359C /* libstdc++.dylib */; };
		3230CB38182B2F4F0096359C /* libsqlite3.dylib in Frameworks */ = {isa = PBXBuildFile; fileRef = 3230CB37182B2F4F0096359C /* libsqlite3.dylib */; };
		3230CB3A182B2F7B0096359C /* libiconv.dylib in Frameworks */ = {isa = PBXBuildFile; fileRef = 3230CB39182B2F7B0096359C /* libiconv.dylib */; };
		3230CB3C182B2F850096359C /* Security.framework in Frameworks */ = {isa = PBXBuildFile; fileRef = 3230CB3B182B2F850096359C /* Security.framework */; };
		3230CB3D182B2FB10096359C /* QuartzCore.framework in Frameworks */ = {isa = PBXBuildFile; fileRef = 32D7A12F16240AD900AA5940 /* QuartzCore.framework */; };
		3230CB3E182B2FB10096359C /* MobileCoreServices.framework in Frameworks */ = {isa = PBXBuildFile; fileRef = 32D7A12D16240A5700AA5940 /* MobileCoreServices.framework */; };
		3230CB3F182B2FB10096359C /* SystemConfiguration.framework in Frameworks */ = {isa = PBXBuildFile; fileRef = 32D7A12B16240A4300AA5940 /* SystemConfiguration.framework */; };
		3230CB42182B2FD60096359C /* CoreTelephony.framework in Frameworks */ = {isa = PBXBuildFile; fileRef = 3230CB41182B2FD60096359C /* CoreTelephony.framework */; };
		32D1F2AB172A2D5800A877F8 /* Default-568h@2x.png in Resources */ = {isa = PBXBuildFile; fileRef = 32D1F2AA172A2D5800A877F8 /* Default-568h@2x.png */; };
		32D7A13616240BDF00AA5940 /* libz.dylib in Frameworks */ = {isa = PBXBuildFile; fileRef = 32D7A13516240BDF00AA5940 /* libz.dylib */; };
		32D7A1411624282300AA5940 /* blackArrow@2x.png in Resources */ = {isa = PBXBuildFile; fileRef = 32D7A1401624282300AA5940 /* blackArrow@2x.png */; };
/* End PBXBuildFile section */

/* Begin PBXFileReference section */
		3207D01F18E424C00025B64F /* MessageUI.framework */ = {isa = PBXFileReference; lastKnownFileType = wrapper.framework; name = MessageUI.framework; path = System/Library/Frameworks/MessageUI.framework; sourceTree = SDKROOT; };
		320A8EBD199B4322006923E3 /* CWShare.h */ = {isa = PBXFileReference; fileEncoding = 4; lastKnownFileType = sourcecode.c.h; path = CWShare.h; sourceTree = "<group>"; };
		320A8EBE199B4322006923E3 /* CWShare.m */ = {isa = PBXFileReference; fileEncoding = 4; lastKnownFileType = sourcecode.c.objc; path = CWShare.m; sourceTree = "<group>"; };
		320A8EBF199B4322006923E3 /* CWShareConfig.h */ = {isa = PBXFileReference; fileEncoding = 4; lastKnownFileType = sourcecode.c.h; path = CWShareConfig.h; sourceTree = "<group>"; };
		320A8EC0199B4322006923E3 /* CWShareDelegate.h */ = {isa = PBXFileReference; fileEncoding = 4; lastKnownFileType = sourcecode.c.h; path = CWShareDelegate.h; sourceTree = "<group>"; };
		320A8EC1199B4322006923E3 /* CWShareSina.h */ = {isa = PBXFileReference; fileEncoding = 4; lastKnownFileType = sourcecode.c.h; path = CWShareSina.h; sourceTree = "<group>"; };
		320A8EC2199B4322006923E3 /* CWShareSina.m */ = {isa = PBXFileReference; fileEncoding = 4; lastKnownFileType = sourcecode.c.objc; path = CWShareSina.m; sourceTree = "<group>"; };
		320A8EC3199B4322006923E3 /* CWShareSinaAuthorize.h */ = {isa = PBXFileReference; fileEncoding = 4; lastKnownFileType = sourcecode.c.h; path = CWShareSinaAuthorize.h; sourceTree = "<group>"; };
		320A8EC4199B4322006923E3 /* CWShareSinaAuthorize.m */ = {isa = PBXFileReference; fileEncoding = 4; lastKnownFileType = sourcecode.c.objc; path = CWShareSinaAuthorize.m; sourceTree = "<group>"; };
		320A8EC5199B4322006923E3 /* CWShareSinaDelegate.h */ = {isa = PBXFileReference; fileEncoding = 4; lastKnownFileType = sourcecode.c.h; path = CWShareSinaDelegate.h; sourceTree = "<group>"; };
		320A8EC6199B4322006923E3 /* CWShareStorage.h */ = {isa = PBXFileReference; fileEncoding = 4; lastKnownFileType = sourcecode.c.h; path = CWShareStorage.h; sourceTree = "<group>"; };
		320A8EC7199B4322006923E3 /* CWShareStorage.m */ = {isa = PBXFileReference; fileEncoding = 4; lastKnownFileType = sourcecode.c.objc; path = CWShareStorage.m; sourceTree = "<group>"; };
		320A8EC8199B4322006923E3 /* CWShareTencent.h */ = {isa = PBXFileReference; fileEncoding = 4; lastKnownFileType = sourcecode.c.h; path = CWShareTencent.h; sourceTree = "<group>"; };
		320A8EC9199B4322006923E3 /* CWShareTencent.m */ = {isa = PBXFileReference; fileEncoding = 4; lastKnownFileType = sourcecode.c.objc; path = CWShareTencent.m; sourceTree = "<group>"; };
		320A8ECA199B4322006923E3 /* CWShareTencentDelegate.h */ = {isa = PBXFileReference; fileEncoding = 4; lastKnownFileType = sourcecode.c.h; path = CWShareTencentDelegate.h; sourceTree = "<group>"; };
		320A8ECB199B4322006923E3 /* CWShareTools.h */ = {isa = PBXFileReference; fileEncoding = 4; lastKnownFileType = sourcecode.c.h; path = CWShareTools.h; sourceTree = "<group>"; };
		320A8ECC199B4322006923E3 /* CWShareTools.m */ = {isa = PBXFileReference; fileEncoding = 4; lastKnownFileType = sourcecode.c.objc; path = CWShareTools.m; sourceTree = "<group>"; };
		320A8ECD199B4322006923E3 /* CWShareWeChat.h */ = {isa = PBXFileReference; fileEncoding = 4; lastKnownFileType = sourcecode.c.h; path = CWShareWeChat.h; sourceTree = "<group>"; };
		320A8ECE199B4322006923E3 /* CWShareWeChat.m */ = {isa = PBXFileReference; fileEncoding = 4; lastKnownFileType = sourcecode.c.objc; path = CWShareWeChat.m; sourceTree = "<group>"; };
		320A8ED0199B4322006923E3 /* mail-ios6@2x.png */ = {isa = PBXFileReference; lastKnownFileType = image.png; path = "mail-ios6@2x.png"; sourceTree = "<group>"; };
		320A8ED1199B4322006923E3 /* mail-ios7@2x.png */ = {isa = PBXFileReference; lastKnownFileType = image.png; path = "mail-ios7@2x.png"; sourceTree = "<group>"; };
		320A8ED2199B4322006923E3 /* message-ios6@2x.png */ = {isa = PBXFileReference; lastKnownFileType = image.png; path = "message-ios6@2x.png"; sourceTree = "<group>"; };
		320A8ED3199B4322006923E3 /* message-ios7@2x.png */ = {isa = PBXFileReference; lastKnownFileType = image.png; path = "message-ios7@2x.png"; sourceTree = "<group>"; };
		320A8ED4199B4322006923E3 /* session-ios6@2x.png */ = {isa = PBXFileReference; lastKnownFileType = image.png; path = "session-ios6@2x.png"; sourceTree = "<group>"; };
		320A8ED5199B4322006923E3 /* session-ios7@2x.png */ = {isa = PBXFileReference; lastKnownFileType = image.png; path = "session-ios7@2x.png"; sourceTree = "<group>"; };
		320A8ED6199B4322006923E3 /* sina-ios6@2x.png */ = {isa = PBXFileReference; lastKnownFileType = image.png; path = "sina-ios6@2x.png"; sourceTree = "<group>"; };
		320A8ED7199B4322006923E3 /* sina-ios7@2x.png */ = {isa = PBXFileReference; lastKnownFileType = image.png; path = "sina-ios7@2x.png"; sourceTree = "<group>"; };
		320A8ED8199B4322006923E3 /* tencent-ios6@2x.png */ = {isa = PBXFileReference; lastKnownFileType = image.png; path = "tencent-ios6@2x.png"; sourceTree = "<group>"; };
		320A8ED9199B4322006923E3 /* tencent-ios7@2x.png */ = {isa = PBXFileReference; lastKnownFileType = image.png; path = "tencent-ios7@2x.png"; sourceTree = "<group>"; };
		320A8EDA199B4322006923E3 /* timeline-ios6@2x.png */ = {isa = PBXFileReference; lastKnownFileType = image.png; path = "timeline-ios6@2x.png"; sourceTree = "<group>"; };
		320A8EDB199B4322006923E3 /* timeline-ios7@2x.png */ = {isa = PBXFileReference; lastKnownFileType = image.png; path = "timeline-ios7@2x.png"; sourceTree = "<group>"; };
		320A8EDD199B4322006923E3 /* TencentOpenAPI.framework */ = {isa = PBXFileReference; lastKnownFileType = wrapper.framework; path = TencentOpenAPI.framework; sourceTree = "<group>"; };
		320A8EDE199B4322006923E3 /* TencentOpenApi_IOS_Bundle.bundle */ = {isa = PBXFileReference; lastKnownFileType = "wrapper.plug-in"; path = TencentOpenApi_IOS_Bundle.bundle; sourceTree = "<group>"; };
		320A8EE0199B4322006923E3 /* libWeChatSDK.a */ = {isa = PBXFileReference; lastKnownFileType = archive.ar; path = libWeChatSDK.a; sourceTree = "<group>"; };
		320A8EE1199B4322006923E3 /* WXApi.h */ = {isa = PBXFileReference; fileEncoding = 4; lastKnownFileType = sourcecode.c.h; path = WXApi.h; sourceTree = "<group>"; };
		320A8EE2199B4322006923E3 /* WXApiObject.h */ = {isa = PBXFileReference; fileEncoding = 4; lastKnownFileType = sourcecode.c.h; path = WXApiObject.h; sourceTree = "<group>"; };
		320A8EE5199B4322006923E3 /* AFHTTPRequestOperation.h */ = {isa = PBXFileReference; fileEncoding = 4; lastKnownFileType = sourcecode.c.h; path = AFHTTPRequestOperation.h; sourceTree = "<group>"; };
		320A8EE6199B4322006923E3 /* AFHTTPRequestOperation.m */ = {isa = PBXFileReference; fileEncoding = 4; lastKnownFileType = sourcecode.c.objc; path = AFHTTPRequestOperation.m; sourceTree = "<group>"; };
		320A8EE7199B4322006923E3 /* AFHTTPRequestOperationManager.h */ = {isa = PBXFileReference; fileEncoding = 4; lastKnownFileType = sourcecode.c.h; path = AFHTTPRequestOperationManager.h; sourceTree = "<group>"; };
		320A8EE8199B4322006923E3 /* AFHTTPRequestOperationManager.m */ = {isa = PBXFileReference; fileEncoding = 4; lastKnownFileType = sourcecode.c.objc; path = AFHTTPRequestOperationManager.m; sourceTree = "<group>"; };
		320A8EE9199B4322006923E3 /* AFHTTPSessionManager.h */ = {isa = PBXFileReference; fileEncoding = 4; lastKnownFileType = sourcecode.c.h; path = AFHTTPSessionManager.h; sourceTree = "<group>"; };
		320A8EEA199B4322006923E3 /* AFHTTPSessionManager.m */ = {isa = PBXFileReference; fileEncoding = 4; lastKnownFileType = sourcecode.c.objc; path = AFHTTPSessionManager.m; sourceTree = "<group>"; };
		320A8EEB199B4322006923E3 /* AFNetworking.h */ = {isa = PBXFileReference; fileEncoding = 4; lastKnownFileType = sourcecode.c.h; path = AFNetworking.h; sourceTree = "<group>"; };
		320A8EEC199B4322006923E3 /* AFNetworkReachabilityManager.h */ = {isa = PBXFileReference; fileEncoding = 4; lastKnownFileType = sourcecode.c.h; path = AFNetworkReachabilityManager.h; sourceTree = "<group>"; };
		320A8EED199B4322006923E3 /* AFNetworkReachabilityManager.m */ = {isa = PBXFileReference; fileEncoding = 4; lastKnownFileType = sourcecode.c.objc; path = AFNetworkReachabilityManager.m; sourceTree = "<group>"; };
		320A8EEE199B4322006923E3 /* AFSecurityPolicy.h */ = {isa = PBXFileReference; fileEncoding = 4; lastKnownFileType = sourcecode.c.h; path = AFSecurityPolicy.h; sourceTree = "<group>"; };
		320A8EEF199B4322006923E3 /* AFSecurityPolicy.m */ = {isa = PBXFileReference; fileEncoding = 4; lastKnownFileType = sourcecode.c.objc; path = AFSecurityPolicy.m; sourceTree = "<group>"; };
		320A8EF0199B4322006923E3 /* AFURLConnectionOperation.h */ = {isa = PBXFileReference; fileEncoding = 4; lastKnownFileType = sourcecode.c.h; path = AFURLConnectionOperation.h; sourceTree = "<group>"; };
		320A8EF1199B4322006923E3 /* AFURLConnectionOperation.m */ = {isa = PBXFileReference; fileEncoding = 4; lastKnownFileType = sourcecode.c.objc; path = AFURLConnectionOperation.m; sourceTree = "<group>"; };
		320A8EF2199B4322006923E3 /* AFURLRequestSerialization.h */ = {isa = PBXFileReference; fileEncoding = 4; lastKnownFileType = sourcecode.c.h; path = AFURLRequestSerialization.h; sourceTree = "<group>"; };
		320A8EF3199B4322006923E3 /* AFURLRequestSerialization.m */ = {isa = PBXFileReference; fileEncoding = 4; lastKnownFileType = sourcecode.c.objc; path = AFURLRequestSerialization.m; sourceTree = "<group>"; };
		320A8EF4199B4322006923E3 /* AFURLResponseSerialization.h */ = {isa = PBXFileReference; fileEncoding = 4; lastKnownFileType = sourcecode.c.h; path = AFURLResponseSerialization.h; sourceTree = "<group>"; };
		320A8EF5199B4322006923E3 /* AFURLResponseSerialization.m */ = {isa = PBXFileReference; fileEncoding = 4; lastKnownFileType = sourcecode.c.objc; path = AFURLResponseSerialization.m; sourceTree = "<group>"; };
		320A8EF6199B4322006923E3 /* AFURLSessionManager.h */ = {isa = PBXFileReference; fileEncoding = 4; lastKnownFileType = sourcecode.c.h; path = AFURLSessionManager.h; sourceTree = "<group>"; };
		320A8EF7199B4322006923E3 /* AFURLSessionManager.m */ = {isa = PBXFileReference; fileEncoding = 4; lastKnownFileType = sourcecode.c.objc; path = AFURLSessionManager.m; sourceTree = "<group>"; };
		322427081987621F00971E4E /* CoreFoundation.framework */ = {isa = PBXFileReference; lastKnownFileType = wrapper.framework; name = CoreFoundation.framework; path = System/Library/Frameworks/CoreFoundation.framework; sourceTree = SDKROOT; };
		322C829E15DE21B200093AF9 /* CWShareDemo.app */ = {isa = PBXFileReference; explicitFileType = wrapper.application; includeInIndex = 0; path = CWShareDemo.app; sourceTree = BUILT_PRODUCTS_DIR; };
		322C82A215DE21B200093AF9 /* UIKit.framework */ = {isa = PBXFileReference; lastKnownFileType = wrapper.framework; name = UIKit.framework; path = System/Library/Frameworks/UIKit.framework; sourceTree = SDKROOT; };
		322C82A415DE21B200093AF9 /* Foundation.framework */ = {isa = PBXFileReference; lastKnownFileType = wrapper.framework; name = Foundation.framework; path = System/Library/Frameworks/Foundation.framework; sourceTree = SDKROOT; };
		322C82A615DE21B200093AF9 /* CoreGraphics.framework */ = {isa = PBXFileReference; lastKnownFileType = wrapper.framework; name = CoreGraphics.framework; path = System/Library/Frameworks/CoreGraphics.framework; sourceTree = SDKROOT; };
		322C82AA15DE21B200093AF9 /* CWShareDemo-Info.plist */ = {isa = PBXFileReference; lastKnownFileType = text.plist.xml; path = "CWShareDemo-Info.plist"; sourceTree = "<group>"; };
		322C82AC15DE21B200093AF9 /* en */ = {isa = PBXFileReference; lastKnownFileType = text.plist.strings; name = en; path = en.lproj/InfoPlist.strings; sourceTree = "<group>"; };
		322C82AE15DE21B200093AF9 /* main.m */ = {isa = PBXFileReference; lastKnownFileType = sourcecode.c.objc; path = main.m; sourceTree = "<group>"; };
		322C82B015DE21B200093AF9 /* CWShareDemo-Prefix.pch */ = {isa = PBXFileReference; lastKnownFileType = sourcecode.c.h; path = "CWShareDemo-Prefix.pch"; sourceTree = "<group>"; };
		322C82B815DE21B200093AF9 /* en */ = {isa = PBXFileReference; lastKnownFileType = file.xib; name = en; path = en.lproj/ViewController.xib; sourceTree = "<group>"; };
		322C82C015DE226A00093AF9 /* AppDelegate.h */ = {isa = PBXFileReference; fileEncoding = 4; lastKnownFileType = sourcecode.c.h; path = AppDelegate.h; sourceTree = "<group>"; };
		322C82C115DE226A00093AF9 /* AppDelegate.m */ = {isa = PBXFileReference; fileEncoding = 4; lastKnownFileType = sourcecode.c.objc; path = AppDelegate.m; sourceTree = "<group>"; };
		322C82C215DE226A00093AF9 /* ViewController.h */ = {isa = PBXFileReference; fileEncoding = 4; lastKnownFileType = sourcecode.c.h; path = ViewController.h; sourceTree = "<group>"; };
		322C82C315DE226A00093AF9 /* ViewController.m */ = {isa = PBXFileReference; fileEncoding = 4; lastKnownFileType = sourcecode.c.objc; path = ViewController.m; sourceTree = "<group>"; };
		3230CB31182B2F020096359C /* libstdc++.dylib */ = {isa = PBXFileReference; lastKnownFileType = "compiled.mach-o.dylib"; name = "libstdc++.dylib"; path = "usr/lib/libstdc++.dylib"; sourceTree = SDKROOT; };
		3230CB37182B2F4F0096359C /* libsqlite3.dylib */ = {isa = PBXFileReference; lastKnownFileType = "compiled.mach-o.dylib"; name = libsqlite3.dylib; path = usr/lib/libsqlite3.dylib; sourceTree = SDKROOT; };
		3230CB39182B2F7B0096359C /* libiconv.dylib */ = {isa = PBXFileReference; lastKnownFileType = "compiled.mach-o.dylib"; name = libiconv.dylib; path = usr/lib/libiconv.dylib; sourceTree = SDKROOT; };
		3230CB3B182B2F850096359C /* Security.framework */ = {isa = PBXFileReference; lastKnownFileType = wrapper.framework; name = Security.framework; path = System/Library/Frameworks/Security.framework; sourceTree = SDKROOT; };
		3230CB41182B2FD60096359C /* CoreTelephony.framework */ = {isa = PBXFileReference; lastKnownFileType = wrapper.framework; name = CoreTelephony.framework; path = System/Library/Frameworks/CoreTelephony.framework; sourceTree = SDKROOT; };
		32D1F2AA172A2D5800A877F8 /* Default-568h@2x.png */ = {isa = PBXFileReference; lastKnownFileType = image.png; path = "Default-568h@2x.png"; sourceTree = "<group>"; };
		32D7A12916240A3D00AA5940 /* CFNetwork.framework */ = {isa = PBXFileReference; lastKnownFileType = wrapper.framework; name = CFNetwork.framework; path = System/Library/Frameworks/CFNetwork.framework; sourceTree = SDKROOT; };
		32D7A12B16240A4300AA5940 /* SystemConfiguration.framework */ = {isa = PBXFileReference; lastKnownFileType = wrapper.framework; name = SystemConfiguration.framework; path = System/Library/Frameworks/SystemConfiguration.framework; sourceTree = SDKROOT; };
		32D7A12D16240A5700AA5940 /* MobileCoreServices.framework */ = {isa = PBXFileReference; lastKnownFileType = wrapper.framework; name = MobileCoreServices.framework; path = System/Library/Frameworks/MobileCoreServices.framework; sourceTree = SDKROOT; };
		32D7A12F16240AD900AA5940 /* QuartzCore.framework */ = {isa = PBXFileReference; lastKnownFileType = wrapper.framework; name = QuartzCore.framework; path = System/Library/Frameworks/QuartzCore.framework; sourceTree = SDKROOT; };
		32D7A13516240BDF00AA5940 /* libz.dylib */ = {isa = PBXFileReference; lastKnownFileType = "compiled.mach-o.dylib"; name = libz.dylib; path = usr/lib/libz.dylib; sourceTree = SDKROOT; };
		32D7A1401624282300AA5940 /* blackArrow@2x.png */ = {isa = PBXFileReference; lastKnownFileType = image.png; path = "blackArrow@2x.png"; sourceTree = "<group>"; };
/* End PBXFileReference section */

/* Begin PBXFrameworksBuildPhase section */
		322C829B15DE21B200093AF9 /* Frameworks */ = {
			isa = PBXFrameworksBuildPhase;
			buildActionMask = 2147483647;
			files = (
				320A8F0D199B4322006923E3 /* libWeChatSDK.a in Frameworks */,
				322427091987621F00971E4E /* CoreFoundation.framework in Frameworks */,
				3207D02018E424C00025B64F /* MessageUI.framework in Frameworks */,
				3230CB42182B2FD60096359C /* CoreTelephony.framework in Frameworks */,
				3230CB3D182B2FB10096359C /* QuartzCore.framework in Frameworks */,
				3230CB3E182B2FB10096359C /* MobileCoreServices.framework in Frameworks */,
				320A8F0B199B4322006923E3 /* TencentOpenAPI.framework in Frameworks */,
				3230CB3F182B2FB10096359C /* SystemConfiguration.framework in Frameworks */,
				3230CB3C182B2F850096359C /* Security.framework in Frameworks */,
				3230CB3A182B2F7B0096359C /* libiconv.dylib in Frameworks */,
				322C82A715DE21B200093AF9 /* CoreGraphics.framework in Frameworks */,
				3230CB38182B2F4F0096359C /* libsqlite3.dylib in Frameworks */,
				3230CB32182B2F020096359C /* libstdc++.dylib in Frameworks */,
				32D7A13616240BDF00AA5940 /* libz.dylib in Frameworks */,
				322C82A315DE21B200093AF9 /* UIKit.framework in Frameworks */,
				322C82A515DE21B200093AF9 /* Foundation.framework in Frameworks */,
			);
			runOnlyForDeploymentPostprocessing = 0;
		};
/* End PBXFrameworksBuildPhase section */

/* Begin PBXGroup section */
		320A8EBC199B4322006923E3 /* CWShare */ = {
			isa = PBXGroup;
			children = (
				320A8EBD199B4322006923E3 /* CWShare.h */,
				320A8EBE199B4322006923E3 /* CWShare.m */,
				320A8EBF199B4322006923E3 /* CWShareConfig.h */,
				320A8EC0199B4322006923E3 /* CWShareDelegate.h */,
				320A8EC1199B4322006923E3 /* CWShareSina.h */,
				320A8EC2199B4322006923E3 /* CWShareSina.m */,
				320A8EC3199B4322006923E3 /* CWShareSinaAuthorize.h */,
				320A8EC4199B4322006923E3 /* CWShareSinaAuthorize.m */,
				320A8EC5199B4322006923E3 /* CWShareSinaDelegate.h */,
				320A8EC6199B4322006923E3 /* CWShareStorage.h */,
				320A8EC7199B4322006923E3 /* CWShareStorage.m */,
				320A8EC8199B4322006923E3 /* CWShareTencent.h */,
				320A8EC9199B4322006923E3 /* CWShareTencent.m */,
				320A8ECA199B4322006923E3 /* CWShareTencentDelegate.h */,
				320A8ECB199B4322006923E3 /* CWShareTools.h */,
				320A8ECC199B4322006923E3 /* CWShareTools.m */,
				320A8ECD199B4322006923E3 /* CWShareWeChat.h */,
				320A8ECE199B4322006923E3 /* CWShareWeChat.m */,
				320A8ECF199B4322006923E3 /* ImageResource */,
				320A8EDC199B4322006923E3 /* Tencent */,
				320A8EDF199B4322006923E3 /* WeChat */,
			);
			path = CWShare;
			sourceTree = "<group>";
		};
		320A8ECF199B4322006923E3 /* ImageResource */ = {
			isa = PBXGroup;
			children = (
				320A8ED0199B4322006923E3 /* mail-ios6@2x.png */,
				320A8ED1199B4322006923E3 /* mail-ios7@2x.png */,
				320A8ED2199B4322006923E3 /* message-ios6@2x.png */,
				320A8ED3199B4322006923E3 /* message-ios7@2x.png */,
				320A8ED4199B4322006923E3 /* session-ios6@2x.png */,
				320A8ED5199B4322006923E3 /* session-ios7@2x.png */,
				320A8ED6199B4322006923E3 /* sina-ios6@2x.png */,
				320A8ED7199B4322006923E3 /* sina-ios7@2x.png */,
				320A8ED8199B4322006923E3 /* tencent-ios6@2x.png */,
				320A8ED9199B4322006923E3 /* tencent-ios7@2x.png */,
				320A8EDA199B4322006923E3 /* timeline-ios6@2x.png */,
				320A8EDB199B4322006923E3 /* timeline-ios7@2x.png */,
			);
			path = ImageResource;
			sourceTree = "<group>";
		};
		320A8EDC199B4322006923E3 /* Tencent */ = {
			isa = PBXGroup;
			children = (
				320A8EDD199B4322006923E3 /* TencentOpenAPI.framework */,
				320A8EDE199B4322006923E3 /* TencentOpenApi_IOS_Bundle.bundle */,
			);
			path = Tencent;
			sourceTree = "<group>";
		};
		320A8EDF199B4322006923E3 /* WeChat */ = {
			isa = PBXGroup;
			children = (
				320A8EE0199B4322006923E3 /* libWeChatSDK.a */,
				320A8EE1199B4322006923E3 /* WXApi.h */,
				320A8EE2199B4322006923E3 /* WXApiObject.h */,
			);
			path = WeChat;
			sourceTree = "<group>";
		};
		320A8EE3199B4322006923E3 /* ThirdPartyLib */ = {
			isa = PBXGroup;
			children = (
				320A8EE4199B4322006923E3 /* AFNetworking */,
			);
			path = ThirdPartyLib;
			sourceTree = "<group>";
		};
		320A8EE4199B4322006923E3 /* AFNetworking */ = {
			isa = PBXGroup;
			children = (
				320A8EE5199B4322006923E3 /* AFHTTPRequestOperation.h */,
				320A8EE6199B4322006923E3 /* AFHTTPRequestOperation.m */,
				320A8EE7199B4322006923E3 /* AFHTTPRequestOperationManager.h */,
				320A8EE8199B4322006923E3 /* AFHTTPRequestOperationManager.m */,
				320A8EE9199B4322006923E3 /* AFHTTPSessionManager.h */,
				320A8EEA199B4322006923E3 /* AFHTTPSessionManager.m */,
				320A8EEB199B4322006923E3 /* AFNetworking.h */,
				320A8EEC199B4322006923E3 /* AFNetworkReachabilityManager.h */,
				320A8EED199B4322006923E3 /* AFNetworkReachabilityManager.m */,
				320A8EEE199B4322006923E3 /* AFSecurityPolicy.h */,
				320A8EEF199B4322006923E3 /* AFSecurityPolicy.m */,
				320A8EF0199B4322006923E3 /* AFURLConnectionOperation.h */,
				320A8EF1199B4322006923E3 /* AFURLConnectionOperation.m */,
				320A8EF2199B4322006923E3 /* AFURLRequestSerialization.h */,
				320A8EF3199B4322006923E3 /* AFURLRequestSerialization.m */,
				320A8EF4199B4322006923E3 /* AFURLResponseSerialization.h */,
				320A8EF5199B4322006923E3 /* AFURLResponseSerialization.m */,
				320A8EF6199B4322006923E3 /* AFURLSessionManager.h */,
				320A8EF7199B4322006923E3 /* AFURLSessionManager.m */,
			);
			path = AFNetworking;
			sourceTree = "<group>";
		};
		322C829315DE21B200093AF9 = {
			isa = PBXGroup;
			children = (
				320A8EBC199B4322006923E3 /* CWShare */,
				320A8EE3199B4322006923E3 /* ThirdPartyLib */,
				322C82A815DE21B200093AF9 /* CWShareDemo */,
				322C82A115DE21B200093AF9 /* Frameworks */,
				322C829F15DE21B200093AF9 /* Products */,
			);
			sourceTree = "<group>";
		};
		322C829F15DE21B200093AF9 /* Products */ = {
			isa = PBXGroup;
			children = (
				322C829E15DE21B200093AF9 /* CWShareDemo.app */,
			);
			name = Products;
			sourceTree = "<group>";
		};
		322C82A115DE21B200093AF9 /* Frameworks */ = {
			isa = PBXGroup;
			children = (
				322427081987621F00971E4E /* CoreFoundation.framework */,
				3207D01F18E424C00025B64F /* MessageUI.framework */,
				3230CB41182B2FD60096359C /* CoreTelephony.framework */,
				32D7A12F16240AD900AA5940 /* QuartzCore.framework */,
				32D7A12D16240A5700AA5940 /* MobileCoreServices.framework */,
				32D7A12B16240A4300AA5940 /* SystemConfiguration.framework */,
				32D7A12916240A3D00AA5940 /* CFNetwork.framework */,
				32D7A13516240BDF00AA5940 /* libz.dylib */,
				3230CB3B182B2F850096359C /* Security.framework */,
				3230CB39182B2F7B0096359C /* libiconv.dylib */,
				3230CB37182B2F4F0096359C /* libsqlite3.dylib */,
				3230CB31182B2F020096359C /* libstdc++.dylib */,
				322C82A215DE21B200093AF9 /* UIKit.framework */,
				322C82A415DE21B200093AF9 /* Foundation.framework */,
				322C82A615DE21B200093AF9 /* CoreGraphics.framework */,
			);
			name = Frameworks;
			sourceTree = "<group>";
		};
		322C82A815DE21B200093AF9 /* CWShareDemo */ = {
			isa = PBXGroup;
			children = (
				322C82BF15DE226A00093AF9 /* ViewController */,
				322C82A915DE21B200093AF9 /* Supporting Files */,
			);
			path = CWShareDemo;
			sourceTree = "<group>";
		};
		322C82A915DE21B200093AF9 /* Supporting Files */ = {
			isa = PBXGroup;
			children = (
				32D1F2AA172A2D5800A877F8 /* Default-568h@2x.png */,
				32D7A1401624282300AA5940 /* blackArrow@2x.png */,
				322C82AA15DE21B200093AF9 /* CWShareDemo-Info.plist */,
				322C82AB15DE21B200093AF9 /* InfoPlist.strings */,
				322C82AE15DE21B200093AF9 /* main.m */,
				322C82B015DE21B200093AF9 /* CWShareDemo-Prefix.pch */,
			);
			name = "Supporting Files";
			sourceTree = "<group>";
		};
		322C82BF15DE226A00093AF9 /* ViewController */ = {
			isa = PBXGroup;
			children = (
				322C82C015DE226A00093AF9 /* AppDelegate.h */,
				322C82C115DE226A00093AF9 /* AppDelegate.m */,
				322C82C215DE226A00093AF9 /* ViewController.h */,
				322C82C315DE226A00093AF9 /* ViewController.m */,
				322C82B715DE21B200093AF9 /* ViewController.xib */,
			);
			path = ViewController;
			sourceTree = "<group>";
		};
/* End PBXGroup section */

/* Begin PBXNativeTarget section */
		322C829D15DE21B200093AF9 /* CWShareDemo */ = {
			isa = PBXNativeTarget;
			buildConfigurationList = 322C82BC15DE21B200093AF9 /* Build configuration list for PBXNativeTarget "CWShareDemo" */;
			buildPhases = (
				322C829A15DE21B200093AF9 /* Sources */,
				322C829B15DE21B200093AF9 /* Frameworks */,
				322C829C15DE21B200093AF9 /* Resources */,
			);
			buildRules = (
			);
			dependencies = (
			);
			name = CWShareDemo;
			productName = CWShareDemo;
			productReference = 322C829E15DE21B200093AF9 /* CWShareDemo.app */;
			productType = "com.apple.product-type.application";
		};
/* End PBXNativeTarget section */

/* Begin PBXProject section */
		322C829515DE21B200093AF9 /* Project object */ = {
			isa = PBXProject;
			attributes = {
				LastUpgradeCheck = 0510;
			};
			buildConfigurationList = 322C829815DE21B200093AF9 /* Build configuration list for PBXProject "CWShareDemo" */;
			compatibilityVersion = "Xcode 3.2";
			developmentRegion = English;
			hasScannedForEncodings = 0;
			knownRegions = (
				en,
			);
			mainGroup = 322C829315DE21B200093AF9;
			productRefGroup = 322C829F15DE21B200093AF9 /* Products */;
			projectDirPath = "";
			projectRoot = "";
			targets = (
				322C829D15DE21B200093AF9 /* CWShareDemo */,
			);
		};
/* End PBXProject section */

/* Begin PBXResourcesBuildPhase section */
		322C829C15DE21B200093AF9 /* Resources */ = {
			isa = PBXResourcesBuildPhase;
			buildActionMask = 2147483647;
			files = (
				320A8F00199B4322006923E3 /* mail-ios7@2x.png in Resources */,
				320A8F0A199B4322006923E3 /* timeline-ios7@2x.png in Resources */,
				320A8F02199B4322006923E3 /* message-ios7@2x.png in Resources */,
				320A8EFF199B4322006923E3 /* mail-ios6@2x.png in Resources */,
				320A8F04199B4322006923E3 /* session-ios7@2x.png in Resources */,
				320A8F08199B4322006923E3 /* tencent-ios7@2x.png in Resources */,
				320A8F01199B4322006923E3 /* message-ios6@2x.png in Resources */,
				320A8F05199B4322006923E3 /* sina-ios6@2x.png in Resources */,
				322C82AD15DE21B200093AF9 /* InfoPlist.strings in Resources */,
				322C82B915DE21B200093AF9 /* ViewController.xib in Resources */,
				320A8F06199B4322006923E3 /* sina-ios7@2x.png in Resources */,
				320A8F07199B4322006923E3 /* tencent-ios6@2x.png in Resources */,
				32D7A1411624282300AA5940 /* blackArrow@2x.png in Resources */,
				320A8F0C199B4322006923E3 /* TencentOpenApi_IOS_Bundle.bundle in Resources */,
				320A8F09199B4322006923E3 /* timeline-ios6@2x.png in Resources */,
				32D1F2AB172A2D5800A877F8 /* Default-568h@2x.png in Resources */,
				320A8F03199B4322006923E3 /* session-ios6@2x.png in Resources */,
			);
			runOnlyForDeploymentPostprocessing = 0;
		};
/* End PBXResourcesBuildPhase section */

/* Begin PBXSourcesBuildPhase section */
		322C829A15DE21B200093AF9 /* Sources */ = {
			isa = PBXSourcesBuildPhase;
			buildActionMask = 2147483647;
			files = (
				320A8F0E199B4322006923E3 /* AFHTTPRequestOperation.m in Sources */,
				320A8EFE199B4322006923E3 /* CWShareWeChat.m in Sources */,
				320A8F10199B4322006923E3 /* AFHTTPSessionManager.m in Sources */,
				320A8EFA199B4322006923E3 /* CWShareSinaAuthorize.m in Sources */,
				320A8EF9199B4322006923E3 /* CWShareSina.m in Sources */,
				320A8F16199B4322006923E3 /* AFURLSessionManager.m in Sources */,
				320A8EFD199B4322006923E3 /* CWShareTools.m in Sources */,
				320A8F12199B4322006923E3 /* AFSecurityPolicy.m in Sources */,
				320A8F15199B4322006923E3 /* AFURLResponseSerialization.m in Sources */,
				322C82AF15DE21B200093AF9 /* main.m in Sources */,
				320A8F13199B4322006923E3 /* AFURLConnectionOperation.m in Sources */,
				320A8F14199B4322006923E3 /* AFURLRequestSerialization.m in Sources */,
				322C82C415DE226A00093AF9 /* AppDelegate.m in Sources */,
				320A8F0F199B4322006923E3 /* AFHTTPRequestOperationManager.m in Sources */,
				320A8EF8199B4322006923E3 /* CWShare.m in Sources */,
				320A8F11199B4322006923E3 /* AFNetworkReachabilityManager.m in Sources */,
				320A8EFC199B4322006923E3 /* CWShareTencent.m in Sources */,
				322C82C515DE226A00093AF9 /* ViewController.m in Sources */,
				320A8EFB199B4322006923E3 /* CWShareStorage.m in Sources */,
			);
			runOnlyForDeploymentPostprocessing = 0;
		};
/* End PBXSourcesBuildPhase section */

/* Begin PBXVariantGroup section */
		322C82AB15DE21B200093AF9 /* InfoPlist.strings */ = {
			isa = PBXVariantGroup;
			children = (
				322C82AC15DE21B200093AF9 /* en */,
			);
			name = InfoPlist.strings;
			sourceTree = "<group>";
		};
		322C82B715DE21B200093AF9 /* ViewController.xib */ = {
			isa = PBXVariantGroup;
			children = (
				322C82B815DE21B200093AF9 /* en */,
			);
			name = ViewController.xib;
			path = ..;
			sourceTree = "<group>";
		};
/* End PBXVariantGroup section */

/* Begin XCBuildConfiguration section */
		322C82BA15DE21B200093AF9 /* Debug */ = {
			isa = XCBuildConfiguration;
			buildSettings = {
				ALWAYS_SEARCH_USER_PATHS = NO;
				CLANG_CXX_LANGUAGE_STANDARD = "gnu++0x";
				CLANG_WARN_BOOL_CONVERSION = YES;
				CLANG_WARN_CONSTANT_CONVERSION = YES;
				CLANG_WARN_EMPTY_BODY = YES;
				CLANG_WARN_ENUM_CONVERSION = YES;
				CLANG_WARN_INT_CONVERSION = YES;
				CLANG_WARN__DUPLICATE_METHOD_MATCH = YES;
				"CODE_SIGN_IDENTITY[sdk=iphoneos*]" = "iPhone Developer";
				COPY_PHASE_STRIP = NO;
				GCC_C_LANGUAGE_STANDARD = gnu99;
				GCC_DYNAMIC_NO_PIC = NO;
				GCC_OPTIMIZATION_LEVEL = 0;
				GCC_PREPROCESSOR_DEFINITIONS = (
					"DEBUG=1",
					"$(inherited)",
				);
				GCC_SYMBOLS_PRIVATE_EXTERN = NO;
				GCC_VERSION = com.apple.compilers.llvm.clang.1_0;
				GCC_WARN_64_TO_32_BIT_CONVERSION = YES;
				GCC_WARN_ABOUT_RETURN_TYPE = YES;
				GCC_WARN_UNDECLARED_SELECTOR = YES;
				GCC_WARN_UNINITIALIZED_AUTOS = YES;
				GCC_WARN_UNUSED_FUNCTION = YES;
				GCC_WARN_UNUSED_VARIABLE = YES;
				IPHONEOS_DEPLOYMENT_TARGET = 5.0;
				ONLY_ACTIVE_ARCH = YES;
				SDKROOT = iphoneos;
			};
			name = Debug;
		};
		322C82BB15DE21B200093AF9 /* Release */ = {
			isa = XCBuildConfiguration;
			buildSettings = {
				ALWAYS_SEARCH_USER_PATHS = NO;
				CLANG_CXX_LANGUAGE_STANDARD = "gnu++0x";
				CLANG_WARN_BOOL_CONVERSION = YES;
				CLANG_WARN_CONSTANT_CONVERSION = YES;
				CLANG_WARN_EMPTY_BODY = YES;
				CLANG_WARN_ENUM_CONVERSION = YES;
				CLANG_WARN_INT_CONVERSION = YES;
				CLANG_WARN__DUPLICATE_METHOD_MATCH = YES;
				"CODE_SIGN_IDENTITY[sdk=iphoneos*]" = "iPhone Developer";
				COPY_PHASE_STRIP = YES;
				GCC_C_LANGUAGE_STANDARD = gnu99;
				GCC_VERSION = com.apple.compilers.llvm.clang.1_0;
				GCC_WARN_64_TO_32_BIT_CONVERSION = YES;
				GCC_WARN_ABOUT_RETURN_TYPE = YES;
				GCC_WARN_UNDECLARED_SELECTOR = YES;
				GCC_WARN_UNINITIALIZED_AUTOS = YES;
				GCC_WARN_UNUSED_FUNCTION = YES;
				GCC_WARN_UNUSED_VARIABLE = YES;
				IPHONEOS_DEPLOYMENT_TARGET = 5.0;
				OTHER_CFLAGS = "-DNS_BLOCK_ASSERTIONS=1";
				SDKROOT = iphoneos;
				VALIDATE_PRODUCT = YES;
			};
			name = Release;
		};
		322C82BD15DE21B200093AF9 /* Debug */ = {
			isa = XCBuildConfiguration;
			buildSettings = {
				CLANG_ENABLE_OBJC_ARC = YES;
				FRAMEWORK_SEARCH_PATHS = (
					"$(inherited)",
					"$(PROJECT_DIR)/CWShare/Tencent",
				);
				GCC_PRECOMPILE_PREFIX_HEADER = YES;
				GCC_PREFIX_HEADER = "CWShareDemo/CWShareDemo-Prefix.pch";
				HEADER_SEARCH_PATHS = "$(inherited)";
				INFOPLIST_FILE = "CWShareDemo/CWShareDemo-Info.plist";
				IPHONEOS_DEPLOYMENT_TARGET = 6.0;
				LIBRARY_SEARCH_PATHS = (
					"$(inherited)",
					"$(PROJECT_DIR)/CWShare/WeChat",
				);
				OTHER_LDFLAGS = "-fobjc-arc";
				PRODUCT_NAME = "$(TARGET_NAME)";
				WRAPPER_EXTENSION = app;
			};
			name = Debug;
		};
		322C82BE15DE21B200093AF9 /* Release */ = {
			isa = XCBuildConfiguration;
			buildSettings = {
				CLANG_ENABLE_OBJC_ARC = YES;
				FRAMEWORK_SEARCH_PATHS = (
					"$(inherited)",
					"$(PROJECT_DIR)/CWShare/Tencent",
				);
				GCC_PRECOMPILE_PREFIX_HEADER = YES;
				GCC_PREFIX_HEADER = "CWShareDemo/CWShareDemo-Prefix.pch";
				HEADER_SEARCH_PATHS = "$(inherited)";
				INFOPLIST_FILE = "CWShareDemo/CWShareDemo-Info.plist";
				IPHONEOS_DEPLOYMENT_TARGET = 6.0;
				LIBRARY_SEARCH_PATHS = (
					"$(inherited)",
					"$(PROJECT_DIR)/CWShare/WeChat",
				);
				OTHER_LDFLAGS = "-fobjc-arc";
				PRODUCT_NAME = "$(TARGET_NAME)";
				WRAPPER_EXTENSION = app;
			};
			name = Release;
		};
/* End XCBuildConfiguration section */

/* Begin XCConfigurationList section */
		322C829815DE21B200093AF9 /* Build configuration list for PBXProject "CWShareDemo" */ = {
			isa = XCConfigurationList;
			buildConfigurations = (
				322C82BA15DE21B200093AF9 /* Debug */,
				322C82BB15DE21B200093AF9 /* Release */,
			);
			defaultConfigurationIsVisible = 0;
			defaultConfigurationName = Release;
		};
		322C82BC15DE21B200093AF9 /* Build configuration list for PBXNativeTarget "CWShareDemo" */ = {
			isa = XCConfigurationList;
			buildConfigurations = (
				322C82BD15DE21B200093AF9 /* Debug */,
				322C82BE15DE21B200093AF9 /* Release */,
			);
			defaultConfigurationIsVisible = 0;
			defaultConfigurationName = Release;
		};
/* End XCConfigurationList section */
	};
	rootObject = 322C829515DE21B200093AF9 /* Project object */;
}
